// !$*UTF8*$!
{
	archiveVersion = 1;
	classes = {
	};
	objectVersion = 50;
	objects = {

/* Begin PBXBuildFile section */
		72EEADB6252FB3C2006DC1E9 /* AppDelegate.swift in Sources */ = {isa = PBXBuildFile; fileRef = 72EEADB5252FB3C2006DC1E9 /* AppDelegate.swift */; };
		72EEADB8252FB3C2006DC1E9 /* SceneDelegate.swift in Sources */ = {isa = PBXBuildFile; fileRef = 72EEADB7252FB3C2006DC1E9 /* SceneDelegate.swift */; };
		72EEADBA252FB3C2006DC1E9 /* ViewController.swift in Sources */ = {isa = PBXBuildFile; fileRef = 72EEADB9252FB3C2006DC1E9 /* ViewController.swift */; };
		72EEADBD252FB3C2006DC1E9 /* Main.storyboard in Resources */ = {isa = PBXBuildFile; fileRef = 72EEADBB252FB3C2006DC1E9 /* Main.storyboard */; };
		72EEADBF252FB3C4006DC1E9 /* Assets.xcassets in Resources */ = {isa = PBXBuildFile; fileRef = 72EEADBE252FB3C4006DC1E9 /* Assets.xcassets */; };
		72EEADC2252FB3C4006DC1E9 /* LaunchScreen.storyboard in Resources */ = {isa = PBXBuildFile; fileRef = 72EEADC0252FB3C4006DC1E9 /* LaunchScreen.storyboard */; };
		72EEADCD253035C4006DC1E9 /* ImageClass.swift in Sources */ = {isa = PBXBuildFile; fileRef = 72EEADCC253035C4006DC1E9 /* ImageClass.swift */; };
/* End PBXBuildFile section */

/* Begin PBXFileReference section */
		72EEADB2252FB3C2006DC1E9 /* CardGameUI.app */ = {isa = PBXFileReference; explicitFileType = wrapper.application; includeInIndex = 0; path = CardGameUI.app; sourceTree = BUILT_PRODUCTS_DIR; };
		72EEADB5252FB3C2006DC1E9 /* AppDelegate.swift */ = {isa = PBXFileReference; lastKnownFileType = sourcecode.swift; path = AppDelegate.swift; sourceTree = "<group>"; };
		72EEADB7252FB3C2006DC1E9 /* SceneDelegate.swift */ = {isa = PBXFileReference; lastKnownFileType = sourcecode.swift; path = SceneDelegate.swift; sourceTree = "<group>"; };
		72EEADB9252FB3C2006DC1E9 /* ViewController.swift */ = {isa = PBXFileReference; lastKnownFileType = sourcecode.swift; path = ViewController.swift; sourceTree = "<group>"; };
		72EEADBC252FB3C2006DC1E9 /* Base */ = {isa = PBXFileReference; lastKnownFileType = file.storyboard; name = Base; path = Base.lproj/Main.storyboard; sourceTree = "<group>"; };
		72EEADBE252FB3C4006DC1E9 /* Assets.xcassets */ = {isa = PBXFileReference; lastKnownFileType = folder.assetcatalog; path = Assets.xcassets; sourceTree = "<group>"; };
		72EEADC1252FB3C4006DC1E9 /* Base */ = {isa = PBXFileReference; lastKnownFileType = file.storyboard; name = Base; path = Base.lproj/LaunchScreen.storyboard; sourceTree = "<group>"; };
		72EEADC3252FB3C4006DC1E9 /* Info.plist */ = {isa = PBXFileReference; lastKnownFileType = text.plist.xml; path = Info.plist; sourceTree = "<group>"; };
		72EEADCC253035C4006DC1E9 /* ImageClass.swift */ = {isa = PBXFileReference; lastKnownFileType = sourcecode.swift; path = ImageClass.swift; sourceTree = "<group>"; };
/* End PBXFileReference section */

/* Begin PBXFrameworksBuildPhase section */
		72EEADAF252FB3C2006DC1E9 /* Frameworks */ = {
			isa = PBXFrameworksBuildPhase;
			buildActionMask = 2147483647;
			files = (
			);
			runOnlyForDeploymentPostprocessing = 0;
		};
/* End PBXFrameworksBuildPhase section */

/* Begin PBXGroup section */
		72EEADA9252FB3C2006DC1E9 = {
			isa = PBXGroup;
			children = (
				72EEADB4252FB3C2006DC1E9 /* CardGameUI */,
				72EEADB3252FB3C2006DC1E9 /* Products */,
			);
			sourceTree = "<group>";
		};
		72EEADB3252FB3C2006DC1E9 /* Products */ = {
			isa = PBXGroup;
			children = (
				72EEADB2252FB3C2006DC1E9 /* CardGameUI.app */,
			);
			name = Products;
			sourceTree = "<group>";
		};
		72EEADB4252FB3C2006DC1E9 /* CardGameUI */ = {
			isa = PBXGroup;
			children = (
				72EEADCF25310B5B006DC1E9 /* View */,
				72EEADCB253035A4006DC1E9 /* Model */,
				72EEADB5252FB3C2006DC1E9 /* AppDelegate.swift */,
				72EEADB7252FB3C2006DC1E9 /* SceneDelegate.swift */,
				72EEADB9252FB3C2006DC1E9 /* ViewController.swift */,
				72EEADBE252FB3C4006DC1E9 /* Assets.xcassets */,
				72EEADC0252FB3C4006DC1E9 /* LaunchScreen.storyboard */,
				72EEADC3252FB3C4006DC1E9 /* Info.plist */,
			);
			path = CardGameUI;
			sourceTree = "<group>";
		};
		72EEADCB253035A4006DC1E9 /* Model */ = {
			isa = PBXGroup;
			children = (
				72EEADCC253035C4006DC1E9 /* ImageClass.swift */,
			);
			path = Model;
			sourceTree = "<group>";
		};
		72EEADCF25310B5B006DC1E9 /* View */ = {
			isa = PBXGroup;
			children = (
				72EEADBB252FB3C2006DC1E9 /* Main.storyboard */,
			);
			path = View;
			sourceTree = "<group>";
		};
/* End PBXGroup section */

/* Begin PBXNativeTarget section */
		72EEADB1252FB3C2006DC1E9 /* CardGameUI */ = {
			isa = PBXNativeTarget;
			buildConfigurationList = 72EEADC6252FB3C4006DC1E9 /* Build configuration list for PBXNativeTarget "CardGameUI" */;
			buildPhases = (
				72EEADAE252FB3C2006DC1E9 /* Sources */,
				72EEADAF252FB3C2006DC1E9 /* Frameworks */,
				72EEADB0252FB3C2006DC1E9 /* Resources */,
			);
			buildRules = (
			);
			dependencies = (
			);
			name = CardGameUI;
			productName = CardGameUI;
			productReference = 72EEADB2252FB3C2006DC1E9 /* CardGameUI.app */;
			productType = "com.apple.product-type.application";
		};
/* End PBXNativeTarget section */

/* Begin PBXProject section */
		72EEADAA252FB3C2006DC1E9 /* Project object */ = {
			isa = PBXProject;
			attributes = {
				LastSwiftUpdateCheck = 1200;
				LastUpgradeCheck = 1200;
				TargetAttributes = {
					72EEADB1252FB3C2006DC1E9 = {
						CreatedOnToolsVersion = 12.0;
					};
				};
			};
			buildConfigurationList = 72EEADAD252FB3C2006DC1E9 /* Build configuration list for PBXProject "CardGameUI" */;
			compatibilityVersion = "Xcode 9.3";
			developmentRegion = en;
			hasScannedForEncodings = 0;
			knownRegions = (
				en,
				Base,
			);
			mainGroup = 72EEADA9252FB3C2006DC1E9;
			productRefGroup = 72EEADB3252FB3C2006DC1E9 /* Products */;
			projectDirPath = "";
			projectRoot = "";
			targets = (
				72EEADB1252FB3C2006DC1E9 /* CardGameUI */,
			);
		};
/* End PBXProject section */

/* Begin PBXResourcesBuildPhase section */
		72EEADB0252FB3C2006DC1E9 /* Resources */ = {
			isa = PBXResourcesBuildPhase;
			buildActionMask = 2147483647;
			files = (
				72EEADC2252FB3C4006DC1E9 /* LaunchScreen.storyboard in Resources */,
				72EEADBF252FB3C4006DC1E9 /* Assets.xcassets in Resources */,
				72EEADBD252FB3C2006DC1E9 /* Main.storyboard in Resources */,
			);
			runOnlyForDeploymentPostprocessing = 0;
		};
/* End PBXResourcesBuildPhase section */

/* Begin PBXSourcesBuildPhase section */
		72EEADAE252FB3C2006DC1E9 /* Sources */ = {
			isa = PBXSourcesBuildPhase;
			buildActionMask = 2147483647;
			files = (
				72EEADCD253035C4006DC1E9 /* ImageClass.swift in Sources */,
				72EEADBA252FB3C2006DC1E9 /* ViewController.swift in Sources */,
				72EEADB6252FB3C2006DC1E9 /* AppDelegate.swift in Sources */,
				72EEADB8252FB3C2006DC1E9 /* SceneDelegate.swift in Sources */,
			);
			runOnlyForDeploymentPostprocessing = 0;
		};
/* End PBXSourcesBuildPhase section */

/* Begin PBXVariantGroup section */
		72EEADBB252FB3C2006DC1E9 /* Main.storyboard */ = {
			isa = PBXVariantGroup;
			children = (
				72EEADBC252FB3C2006DC1E9 /* Base */,
			);
			name = Main.storyboard;
			sourceTree = "<group>";
		};
		72EEADC0252FB3C4006DC1E9 /* LaunchScreen.storyboard */ = {
			isa = PBXVariantGroup;
			children = (
				72EEADC1252FB3C4006DC1E9 /* Base */,
			);
			name = LaunchScreen.storyboard;
			sourceTree = "<group>";
		};
/* End PBXVariantGroup section */

/* Begin XCBuildConfiguration section */
		72EEADC4252FB3C4006DC1E9 /* Debug */ = {
			isa = XCBuildConfiguration;
			buildSettings = {
				ALWAYS_SEARCH_USER_PATHS = NO;
				CLANG_ANALYZER_NONNULL = YES;
				CLANG_ANALYZER_NUMBER_OBJECT_CONVERSION = YES_AGGRESSIVE;
				CLANG_CXX_LANGUAGE_STANDARD = "gnu++14";
				CLANG_CXX_LIBRARY = "libc++";
				CLANG_ENABLE_MODULES = YES;
				CLANG_ENABLE_OBJC_ARC = YES;
				CLANG_ENABLE_OBJC_WEAK = YES;
				CLANG_WARN_BLOCK_CAPTURE_AUTORELEASING = YES;
				CLANG_WARN_BOOL_CONVERSION = YES;
				CLANG_WARN_COMMA = YES;
				CLANG_WARN_CONSTANT_CONVERSION = YES;
				CLANG_WARN_DEPRECATED_OBJC_IMPLEMENTATIONS = YES;
				CLANG_WARN_DIRECT_OBJC_ISA_USAGE = YES_ERROR;
				CLANG_WARN_DOCUMENTATION_COMMENTS = YES;
				CLANG_WARN_EMPTY_BODY = YES;
				CLANG_WARN_ENUM_CONVERSION = YES;
				CLANG_WARN_INFINITE_RECURSION = YES;
				CLANG_WARN_INT_CONVERSION = YES;
				CLANG_WARN_NON_LITERAL_NULL_CONVERSION = YES;
				CLANG_WARN_OBJC_IMPLICIT_RETAIN_SELF = YES;
				CLANG_WARN_OBJC_LITERAL_CONVERSION = YES;
				CLANG_WARN_OBJC_ROOT_CLASS = YES_ERROR;
				CLANG_WARN_QUOTED_INCLUDE_IN_FRAMEWORK_HEADER = YES;
				CLANG_WARN_RANGE_LOOP_ANALYSIS = YES;
				CLANG_WARN_STRICT_PROTOTYPES = YES;
				CLANG_WARN_SUSPICIOUS_MOVE = YES;
				CLANG_WARN_UNGUARDED_AVAILABILITY = YES_AGGRESSIVE;
				CLANG_WARN_UNREACHABLE_CODE = YES;
				CLANG_WARN__DUPLICATE_METHOD_MATCH = YES;
				COPY_PHASE_STRIP = NO;
				DEBUG_INFORMATION_FORMAT = dwarf;
				ENABLE_STRICT_OBJC_MSGSEND = YES;
				ENABLE_TESTABILITY = YES;
				GCC_C_LANGUAGE_STANDARD = gnu11;
				GCC_DYNAMIC_NO_PIC = NO;
				GCC_NO_COMMON_BLOCKS = YES;
				GCC_OPTIMIZATION_LEVEL = 0;
				GCC_PREPROCESSOR_DEFINITIONS = (
					"DEBUG=1",
					"$(inherited)",
				);
				GCC_WARN_64_TO_32_BIT_CONVERSION = YES;
				GCC_WARN_ABOUT_RETURN_TYPE = YES_ERROR;
				GCC_WARN_UNDECLARED_SELECTOR = YES;
				GCC_WARN_UNINITIALIZED_AUTOS = YES_AGGRESSIVE;
				GCC_WARN_UNUSED_FUNCTION = YES;
				GCC_WARN_UNUSED_VARIABLE = YES;
				IPHONEOS_DEPLOYMENT_TARGET = 14.0;
				MTL_ENABLE_DEBUG_INFO = INCLUDE_SOURCE;
				MTL_FAST_MATH = YES;
				ONLY_ACTIVE_ARCH = YES;
				SDKROOT = iphoneos;
				SWIFT_ACTIVE_COMPILATION_CONDITIONS = DEBUG;
				SWIFT_OPTIMIZATION_LEVEL = "-Onone";
			};
			name = Debug;
		};
		72EEADC5252FB3C4006DC1E9 /* Release */ = {
			isa = XCBuildConfiguration;
			buildSettings = {
				ALWAYS_SEARCH_USER_PATHS = NO;
				CLANG_ANALYZER_NONNULL = YES;
				CLANG_ANALYZER_NUMBER_OBJECT_CONVERSION = YES_AGGRESSIVE;
				CLANG_CXX_LANGUAGE_STANDARD = "gnu++14";
				CLANG_CXX_LIBRARY = "libc++";
				CLANG_ENABLE_MODULES = YES;
				CLANG_ENABLE_OBJC_ARC = YES;
				CLANG_ENABLE_OBJC_WEAK = YES;
				CLANG_WARN_BLOCK_CAPTURE_AUTORELEASING = YES;
				CLANG_WARN_BOOL_CONVERSION = YES;
				CLANG_WARN_COMMA = YES;
				CLANG_WARN_CONSTANT_CONVERSION = YES;
				CLANG_WARN_DEPRECATED_OBJC_IMPLEMENTATIONS = YES;
				CLANG_WARN_DIRECT_OBJC_ISA_USAGE = YES_ERROR;
				CLANG_WARN_DOCUMENTATION_COMMENTS = YES;
				CLANG_WARN_EMPTY_BODY = YES;
				CLANG_WARN_ENUM_CONVERSION = YES;
				CLANG_WARN_INFINITE_RECURSION = YES;
				CLANG_WARN_INT_CONVERSION = YES;
				CLANG_WARN_NON_LITERAL_NULL_CONVERSION = YES;
				CLANG_WARN_OBJC_IMPLICIT_RETAIN_SELF = YES;
				CLANG_WARN_OBJC_LITERAL_CONVERSION = YES;
				CLANG_WARN_OBJC_ROOT_CLASS = YES_ERROR;
				CLANG_WARN_QUOTED_INCLUDE_IN_FRAMEWORK_HEADER = YES;
				CLANG_WARN_RANGE_LOOP_ANALYSIS = YES;
				CLANG_WARN_STRICT_PROTOTYPES = YES;
				CLANG_WARN_SUSPICIOUS_MOVE = YES;
				CLANG_WARN_UNGUARDED_AVAILABILITY = YES_AGGRESSIVE;
				CLANG_WARN_UNREACHABLE_CODE = YES;
				CLANG_WARN__DUPLICATE_METHOD_MATCH = YES;
				COPY_PHASE_STRIP = NO;
				DEBUG_INFORMATION_FORMAT = "dwarf-with-dsym";
				ENABLE_NS_ASSERTIONS = NO;
				ENABLE_STRICT_OBJC_MSGSEND = YES;
				GCC_C_LANGUAGE_STANDARD = gnu11;
				GCC_NO_COMMON_BLOCKS = YES;
				GCC_WARN_64_TO_32_BIT_CONVERSION = YES;
				GCC_WARN_ABOUT_RETURN_TYPE = YES_ERROR;
				GCC_WARN_UNDECLARED_SELECTOR = YES;
				GCC_WARN_UNINITIALIZED_AUTOS = YES_AGGRESSIVE;
				GCC_WARN_UNUSED_FUNCTION = YES;
				GCC_WARN_UNUSED_VARIABLE = YES;
				IPHONEOS_DEPLOYMENT_TARGET = 14.0;
				MTL_ENABLE_DEBUG_INFO = NO;
				MTL_FAST_MATH = YES;
				SDKROOT = iphoneos;
				SWIFT_COMPILATION_MODE = wholemodule;
				SWIFT_OPTIMIZATION_LEVEL = "-O";
				VALIDATE_PRODUCT = YES;
			};
			name = Release;
		};
		72EEADC7252FB3C4006DC1E9 /* Debug */ = {
			isa = XCBuildConfiguration;
			buildSettings = {
				ASSETCATALOG_COMPILER_APPICON_NAME = AppIcon;
				ASSETCATALOG_COMPILER_GLOBAL_ACCENT_COLOR_NAME = AccentColor;
				CODE_SIGN_STYLE = Automatic;
				INFOPLIST_FILE = CardGameUI/Info.plist;
				LD_RUNPATH_SEARCH_PATHS = (
					"$(inherited)",
					"@executable_path/Frameworks",
				);
				PRODUCT_BUNDLE_IDENTIFIER = edu.northeastern.jingxinhao.CardGameUI;
				PRODUCT_NAME = "$(TARGET_NAME)";
				SWIFT_VERSION = 5.0;
				TARGETED_DEVICE_FAMILY = "1,2";
			};
			name = Debug;
		};
		72EEADC8252FB3C4006DC1E9 /* Release */ = {
			isa = XCBuildConfiguration;
			buildSettings = {
				ASSETCATALOG_COMPILER_APPICON_NAME = AppIcon;
				ASSETCATALOG_COMPILER_GLOBAL_ACCENT_COLOR_NAME = AccentColor;
				CODE_SIGN_STYLE = Automatic;
				INFOPLIST_FILE = CardGameUI/Info.plist;
				LD_RUNPATH_SEARCH_PATHS = (
					"$(inherited)",
					"@executable_path/Frameworks",
				);
				PRODUCT_BUNDLE_IDENTIFIER = edu.northeastern.jingxinhao.CardGameUI;
				PRODUCT_NAME = "$(TARGET_NAME)";
				SWIFT_VERSION = 5.0;
				TARGETED_DEVICE_FAMILY = "1,2";
			};
			name = Release;
		};
/* End XCBuildConfiguration section */

/* Begin XCConfigurationList section */
		72EEADAD252FB3C2006DC1E9 /* Build configuration list for PBXProject "CardGameUI" */ = {
			isa = XCConfigurationList;
			buildConfigurations = (
				72EEADC4252FB3C4006DC1E9 /* Debug */,
				72EEADC5252FB3C4006DC1E9 /* Release */,
			);
			defaultConfigurationIsVisible = 0;
			defaultConfigurationName = Release;
		};
		72EEADC6252FB3C4006DC1E9 /* Build configuration list for PBXNativeTarget "CardGameUI" */ = {
			isa = XCConfigurationList;
			buildConfigurations = (
				72EEADC7252FB3C4006DC1E9 /* Debug */,
				72EEADC8252FB3C4006DC1E9 /* Release */,
			);
			defaultConfigurationIsVisible = 0;
			defaultConfigurationName = Release;
		};
/* End XCConfigurationList section */
	};
	rootObject = 72EEADAA252FB3C2006DC1E9 /* Project object */;
}
