// !$*UTF8*$!
{
	archiveVersion = 1;
	classes = {
	};
	objectVersion = 50;
	objects = {

/* Begin PBXBuildFile section */
		72557EE525888CE200DEC14C /* Post.swift in Sources */ = {isa = PBXBuildFile; fileRef = 72557EE425888CE200DEC14C /* Post.swift */; };
		72557EE82589851C00DEC14C /* PostCellToolbarButton.swift in Sources */ = {isa = PBXBuildFile; fileRef = 72557EE72589851C00DEC14C /* PostCellToolbarButton.swift */; };
		72557EEB258989D100DEC14C /* PostListView.swift in Sources */ = {isa = PBXBuildFile; fileRef = 72557EEA258989D100DEC14C /* PostListView.swift */; };
		72557EEE2589B82300DEC14C /* PostImageCell.swift in Sources */ = {isa = PBXBuildFile; fileRef = 72557EED2589B82300DEC14C /* PostImageCell.swift */; };
		72557EF12589C23000DEC14C /* PostDetailView.swift in Sources */ = {isa = PBXBuildFile; fileRef = 72557EF02589C23000DEC14C /* PostDetailView.swift */; };
		7257811D258AB0CE003455A1 /* HomeNavigationBar.swift in Sources */ = {isa = PBXBuildFile; fileRef = 7257811C258AB0CE003455A1 /* HomeNavigationBar.swift */; };
		72578120258ACB41003455A1 /* HomeView.swift in Sources */ = {isa = PBXBuildFile; fileRef = 7257811F258ACB41003455A1 /* HomeView.swift */; };
		72578123258ACF24003455A1 /* UserData.swift in Sources */ = {isa = PBXBuildFile; fileRef = 72578122258ACF24003455A1 /* UserData.swift */; };
		7276FA8C2588241600D18BBF /* AppDelegate.swift in Sources */ = {isa = PBXBuildFile; fileRef = 7276FA8B2588241600D18BBF /* AppDelegate.swift */; };
		7276FA8E2588241600D18BBF /* SceneDelegate.swift in Sources */ = {isa = PBXBuildFile; fileRef = 7276FA8D2588241600D18BBF /* SceneDelegate.swift */; };
		7276FA902588241600D18BBF /* ContentView.swift in Sources */ = {isa = PBXBuildFile; fileRef = 7276FA8F2588241600D18BBF /* ContentView.swift */; };
		7276FA922588241A00D18BBF /* Assets.xcassets in Resources */ = {isa = PBXBuildFile; fileRef = 7276FA912588241A00D18BBF /* Assets.xcassets */; };
		7276FA952588241A00D18BBF /* Preview Assets.xcassets in Resources */ = {isa = PBXBuildFile; fileRef = 7276FA942588241A00D18BBF /* Preview Assets.xcassets */; };
		7276FA982588241A00D18BBF /* LaunchScreen.storyboard in Resources */ = {isa = PBXBuildFile; fileRef = 7276FA962588241A00D18BBF /* LaunchScreen.storyboard */; };
		72AB73802588279200F2A30C /* PostCell.swift in Sources */ = {isa = PBXBuildFile; fileRef = 72AB737F2588279200F2A30C /* PostCell.swift */; };
		72AB73D62588354500F2A30C /* 8697cf1ely8gashxj3b09j20u00u040v.jpg in Resources */ = {isa = PBXBuildFile; fileRef = 72AB73832588354500F2A30C /* 8697cf1ely8gashxj3b09j20u00u040v.jpg */; };
		72AB73D72588354500F2A30C /* d0c21786ly1gavj2c0kcej20c8096dh7.jpg in Resources */ = {isa = PBXBuildFile; fileRef = 72AB73842588354500F2A30C /* d0c21786ly1gavj2c0kcej20c8096dh7.jpg */; };
		72AB73D82588354500F2A30C /* 6ec3b446jw1e8qgp5bmzyj2050050aa8.jpg in Resources */ = {isa = PBXBuildFile; fileRef = 72AB73852588354500F2A30C /* 6ec3b446jw1e8qgp5bmzyj2050050aa8.jpg */; };
		72AB73D92588354500F2A30C /* 8a0b5544jw1e8qgp5bmzyj2050050aa8.jpg in Resources */ = {isa = PBXBuildFile; fileRef = 72AB73862588354500F2A30C /* 8a0b5544jw1e8qgp5bmzyj2050050aa8.jpg */; };
		72AB73DA2588354500F2A30C /* bca7fdafly1gax1gqdg6qj20c80avdgl.jpg in Resources */ = {isa = PBXBuildFile; fileRef = 72AB73872588354500F2A30C /* bca7fdafly1gax1gqdg6qj20c80avdgl.jpg */; };
		72AB73DB2588354500F2A30C /* 9dc7402fjw1e8qgp5bmzyj2050050aa8.jpg in Resources */ = {isa = PBXBuildFile; fileRef = 72AB73882588354500F2A30C /* 9dc7402fjw1e8qgp5bmzyj2050050aa8.jpg */; };
		72AB73DC2588354500F2A30C /* eb5c94aegy1gav25n5ibjj20zk1h8wuu.jpg in Resources */ = {isa = PBXBuildFile; fileRef = 72AB73892588354500F2A30C /* eb5c94aegy1gav25n5ibjj20zk1h8wuu.jpg */; };
		72AB73DD2588354500F2A30C /* 006gWxMEly1gavap8dywoj30hs0bwq48.jpg in Resources */ = {isa = PBXBuildFile; fileRef = 72AB738A2588354500F2A30C /* 006gWxMEly1gavap8dywoj30hs0bwq48.jpg */; };
		72AB73DE2588354500F2A30C /* 630584a6gy1gau54zl806j20m80etmzo.jpg in Resources */ = {isa = PBXBuildFile; fileRef = 72AB738B2588354500F2A30C /* 630584a6gy1gau54zl806j20m80etmzo.jpg */; };
		72AB73DF2588354500F2A30C /* 9dc7402fgy1gavd38wwlrj20j60nyq6y.jpg in Resources */ = {isa = PBXBuildFile; fileRef = 72AB738C2588354500F2A30C /* 9dc7402fgy1gavd38wwlrj20j60nyq6y.jpg */; };
		72AB73E02588354500F2A30C /* 8a0b5544gy1gauy2flua6j20u00hitab.jpg in Resources */ = {isa = PBXBuildFile; fileRef = 72AB738D2588354500F2A30C /* 8a0b5544gy1gauy2flua6j20u00hitab.jpg */; };
		72AB73E12588354500F2A30C /* 7f9147a5ly1fzxlh4ovuej20e90fl4fo.jpg in Resources */ = {isa = PBXBuildFile; fileRef = 72AB738E2588354500F2A30C /* 7f9147a5ly1fzxlh4ovuej20e90fl4fo.jpg */; };
		72AB73E22588354500F2A30C /* 7f9147a5ly1fzxlgxgzpij20e90fltsj.jpg in Resources */ = {isa = PBXBuildFile; fileRef = 72AB738F2588354500F2A30C /* 7f9147a5ly1fzxlgxgzpij20e90fltsj.jpg */; };
		72AB73E32588354500F2A30C /* 76297935ly1gatz8obqvkj22c0340npe.jpg in Resources */ = {isa = PBXBuildFile; fileRef = 72AB73902588354500F2A30C /* 76297935ly1gatz8obqvkj22c0340npe.jpg */; };
		72AB73E42588354500F2A30C /* d0c21786ly8fsax1ftiifj20ro0ro43g.jpg in Resources */ = {isa = PBXBuildFile; fileRef = 72AB73912588354500F2A30C /* d0c21786ly8fsax1ftiifj20ro0ro43g.jpg */; };
		72AB73E52588354500F2A30C /* 9dc7402fgy1gavd38kqjtj20j60nyn1d.jpg in Resources */ = {isa = PBXBuildFile; fileRef = 72AB73922588354500F2A30C /* 9dc7402fgy1gavd38kqjtj20j60nyn1d.jpg */; };
		72AB73E62588354500F2A30C /* 6a2afec3gy1gaulykcejqj20t5145wns.jpg in Resources */ = {isa = PBXBuildFile; fileRef = 72AB73932588354500F2A30C /* 6a2afec3gy1gaulykcejqj20t5145wns.jpg */; };
		72AB73E72588354500F2A30C /* 4e7f0c83gy1gam2mp0x4pj22tc240u0x.jpg in Resources */ = {isa = PBXBuildFile; fileRef = 72AB73942588354500F2A30C /* 4e7f0c83gy1gam2mp0x4pj22tc240u0x.jpg */; };
		72AB73E82588354500F2A30C /* c5aa834fgy1gauzrb7s5ej20tz13qh5x.jpg in Resources */ = {isa = PBXBuildFile; fileRef = 72AB73952588354500F2A30C /* c5aa834fgy1gauzrb7s5ej20tz13qh5x.jpg */; };
		72AB73E92588354500F2A30C /* 700a34f6gy1gaunswxtlrj20j60pkgok.jpg in Resources */ = {isa = PBXBuildFile; fileRef = 72AB73962588354500F2A30C /* 700a34f6gy1gaunswxtlrj20j60pkgok.jpg */; };
		72AB73EA2588354500F2A30C /* 8a0b5544gy1gauy2ex786j20u0129aed.jpg in Resources */ = {isa = PBXBuildFile; fileRef = 72AB73972588354500F2A30C /* 8a0b5544gy1gauy2ex786j20u0129aed.jpg */; };
		72AB73EB2588354500F2A30C /* 76297935ly1gatz89dzblj23402c0qv6.jpg in Resources */ = {isa = PBXBuildFile; fileRef = 72AB73982588354500F2A30C /* 76297935ly1gatz89dzblj23402c0qv6.jpg */; };
		72AB73EC2588354500F2A30C /* 700a34f6gy1gaunswy5qnj20j60pkadk.jpg in Resources */ = {isa = PBXBuildFile; fileRef = 72AB73992588354500F2A30C /* 700a34f6gy1gaunswy5qnj20j60pkadk.jpg */; };
		72AB73ED2588354500F2A30C /* bca7fdafgw1ekhkps65b1j2050050dg4.jpg in Resources */ = {isa = PBXBuildFile; fileRef = 72AB739A2588354500F2A30C /* bca7fdafgw1ekhkps65b1j2050050dg4.jpg */; };
		72AB73EE2588354500F2A30C /* PostListData_recommend_1.json in Resources */ = {isa = PBXBuildFile; fileRef = 72AB739B2588354500F2A30C /* PostListData_recommend_1.json */; };
		72AB73EF2588354500F2A30C /* 006gWxMEly8g0bjpl3ynij30kv0kv773.jpg in Resources */ = {isa = PBXBuildFile; fileRef = 72AB739C2588354500F2A30C /* 006gWxMEly8g0bjpl3ynij30kv0kv773.jpg */; };
		72AB73F02588354500F2A30C /* 6ec3b446gy1gavd51jc4lj20j60pmwhl.jpg in Resources */ = {isa = PBXBuildFile; fileRef = 72AB739D2588354500F2A30C /* 6ec3b446gy1gavd51jc4lj20j60pmwhl.jpg */; };
		72AB73F12588354500F2A30C /* 006gWxMEly1gavap88gttj30hs0a0dgf.jpg in Resources */ = {isa = PBXBuildFile; fileRef = 72AB739E2588354500F2A30C /* 006gWxMEly1gavap88gttj30hs0a0dgf.jpg */; };
		72AB73F22588354500F2A30C /* 4e7f0c83gy1gam2ml6nucj22tc240kjl.jpg in Resources */ = {isa = PBXBuildFile; fileRef = 72AB739F2588354500F2A30C /* 4e7f0c83gy1gam2ml6nucj22tc240kjl.jpg */; };
		72AB73F32588354500F2A30C /* 4e7f0c83gy1gam2misv31j21hc0u016k.jpg in Resources */ = {isa = PBXBuildFile; fileRef = 72AB73A02588354500F2A30C /* 4e7f0c83gy1gam2misv31j21hc0u016k.jpg */; };
		72AB73F42588354500F2A30C /* 8a0b5544gy1gauy2gmkg9j20u00gegnp.jpg in Resources */ = {isa = PBXBuildFile; fileRef = 72AB73A12588354500F2A30C /* 8a0b5544gy1gauy2gmkg9j20u00gegnp.jpg */; };
		72AB73F52588354500F2A30C /* 006gWxMEly1gavap8vsqaj30hs0bwgm6.jpg in Resources */ = {isa = PBXBuildFile; fileRef = 72AB73A22588354500F2A30C /* 006gWxMEly1gavap8vsqaj30hs0bwgm6.jpg */; };
		72AB73F62588354500F2A30C /* 648ed25bjw8est9nqrtnij20500503yr.jpg in Resources */ = {isa = PBXBuildFile; fileRef = 72AB73A32588354500F2A30C /* 648ed25bjw8est9nqrtnij20500503yr.jpg */; };
		72AB73F72588354500F2A30C /* eb5c94aegy1gav25ox6dvj20u00k1go9.jpg in Resources */ = {isa = PBXBuildFile; fileRef = 72AB73A42588354500F2A30C /* eb5c94aegy1gav25ox6dvj20u00k1go9.jpg */; };
		72AB73F82588354500F2A30C /* 8a0b5544gy1gauy2g35yoj20u00fomzf.jpg in Resources */ = {isa = PBXBuildFile; fileRef = 72AB73A52588354500F2A30C /* 8a0b5544gy1gauy2g35yoj20u00fomzf.jpg */; };
		72AB73F92588354500F2A30C /* 006PdkDoly8ffywe2fq39j304g04gwed.jpg in Resources */ = {isa = PBXBuildFile; fileRef = 72AB73A62588354500F2A30C /* 006PdkDoly8ffywe2fq39j304g04gwed.jpg */; };
		72AB73FA2588354500F2A30C /* 700a34f6gy1gaunsxgzixj20j60edmz8.jpg in Resources */ = {isa = PBXBuildFile; fileRef = 72AB73A72588354500F2A30C /* 700a34f6gy1gaunsxgzixj20j60edmz8.jpg */; };
		72AB73FB2588354500F2A30C /* bca7fdafly1gax1gqdnboj20c80atmxp.jpg in Resources */ = {isa = PBXBuildFile; fileRef = 72AB73A82588354500F2A30C /* bca7fdafly1gax1gqdnboj20c80atmxp.jpg */; };
		72AB73FC2588354500F2A30C /* c5aa834fgy1gauzr6venkj20u01hc12f.jpg in Resources */ = {isa = PBXBuildFile; fileRef = 72AB73A92588354500F2A30C /* c5aa834fgy1gauzr6venkj20u01hc12f.jpg */; };
		72AB73FD2588354500F2A30C /* 7f9147a5ly1fzxlh6hzdnj20e90fl7me.jpg in Resources */ = {isa = PBXBuildFile; fileRef = 72AB73AA2588354500F2A30C /* 7f9147a5ly1fzxlh6hzdnj20e90fl7me.jpg */; };
		72AB73FE2588354500F2A30C /* 630584a6gy1gau54zm4dtj20m80dftbv.jpg in Resources */ = {isa = PBXBuildFile; fileRef = 72AB73AB2588354500F2A30C /* 630584a6gy1gau54zm4dtj20m80dftbv.jpg */; };
		72AB73FF2588354500F2A30C /* c5aa834fgy1gauzr86bp5j20pb0w47in.jpg in Resources */ = {isa = PBXBuildFile; fileRef = 72AB73AC2588354500F2A30C /* c5aa834fgy1gauzr86bp5j20pb0w47in.jpg */; };
		72AB74002588354500F2A30C /* 9dc7402fgy1gavd39ba15j20j60nywii.jpg in Resources */ = {isa = PBXBuildFile; fileRef = 72AB73AD2588354500F2A30C /* 9dc7402fgy1gavd39ba15j20j60nywii.jpg */; };
		72AB74012588354500F2A30C /* bca7fdafly1gax1gqfgsjj20c80axaay.jpg in Resources */ = {isa = PBXBuildFile; fileRef = 72AB73AE2588354500F2A30C /* bca7fdafly1gax1gqfgsjj20c80axaay.jpg */; };
		72AB74022588354500F2A30C /* c5aa834fly8g97m8ix9lcj20re0regnk.jpg in Resources */ = {isa = PBXBuildFile; fileRef = 72AB73AF2588354500F2A30C /* c5aa834fly8g97m8ix9lcj20re0regnk.jpg */; };
		72AB74032588354500F2A30C /* 700a34f6ly8g9a29rjt92j20fn0iqdg8.jpg in Resources */ = {isa = PBXBuildFile; fileRef = 72AB73B02588354500F2A30C /* 700a34f6ly8g9a29rjt92j20fn0iqdg8.jpg */; };
		72AB74042588354500F2A30C /* d0c21786ly1gavj2cdrkyj20c80720tg.jpg in Resources */ = {isa = PBXBuildFile; fileRef = 72AB73B12588354500F2A30C /* d0c21786ly1gavj2cdrkyj20c80720tg.jpg */; };
		72AB74052588354500F2A30C /* bca7fdafly1gax1gqehdaj20c80atq3x.jpg in Resources */ = {isa = PBXBuildFile; fileRef = 72AB73B22588354500F2A30C /* bca7fdafly1gax1gqehdaj20c80atq3x.jpg */; };
		72AB74062588354500F2A30C /* d0c21786ly1gavj2d17d9j20c808zq3r.jpg in Resources */ = {isa = PBXBuildFile; fileRef = 72AB73B32588354500F2A30C /* d0c21786ly1gavj2d17d9j20c808zq3r.jpg */; };
		72AB74072588354500F2A30C /* 8a0b5544gy1gauy2gz000j20u00n6wgj.jpg in Resources */ = {isa = PBXBuildFile; fileRef = 72AB73B42588354500F2A30C /* 8a0b5544gy1gauy2gz000j20u00n6wgj.jpg */; };
		72AB74082588354500F2A30C /* 006PdkDogy1gap6ngj12ej30u011itf7.jpg in Resources */ = {isa = PBXBuildFile; fileRef = 72AB73B52588354500F2A30C /* 006PdkDogy1gap6ngj12ej30u011itf7.jpg */; };
		72AB74092588354500F2A30C /* 700a34f6gy1gaunsx2jywj20j60pkaeu.jpg in Resources */ = {isa = PBXBuildFile; fileRef = 72AB73B62588354500F2A30C /* 700a34f6gy1gaunsx2jywj20j60pkaeu.jpg */; };
		72AB740A2588354500F2A30C /* 4e7f0c83gy1gam2mr1b81j22tc2407wi.jpg in Resources */ = {isa = PBXBuildFile; fileRef = 72AB73B72588354500F2A30C /* 4e7f0c83gy1gam2mr1b81j22tc2407wi.jpg */; };
		72AB740B2588354500F2A30C /* 6a2afec3jw8fb4ld0qf2gj20e80dsdfz.jpg in Resources */ = {isa = PBXBuildFile; fileRef = 72AB73B82588354500F2A30C /* 6a2afec3jw8fb4ld0qf2gj20e80dsdfz.jpg */; };
		72AB740C2588354500F2A30C /* bca7fdafly1gax1gqd9vmj20c80ayaam.jpg in Resources */ = {isa = PBXBuildFile; fileRef = 72AB73B92588354500F2A30C /* bca7fdafly1gax1gqd9vmj20c80ayaam.jpg */; };
		72AB740D2588354500F2A30C /* 8a0b5544gy1gauy2hcozsj20u01czdiy.jpg in Resources */ = {isa = PBXBuildFile; fileRef = 72AB73BA2588354500F2A30C /* 8a0b5544gy1gauy2hcozsj20u01czdiy.jpg */; };
		72AB740E2588354500F2A30C /* c5aa834fgy1gauzr95r6fj20tw0l3dq4.jpg in Resources */ = {isa = PBXBuildFile; fileRef = 72AB73BB2588354500F2A30C /* c5aa834fgy1gauzr95r6fj20tw0l3dq4.jpg */; };
		72AB740F2588354500F2A30C /* 006PdkDogy1gap6ngiyn3j30u011idle.jpg in Resources */ = {isa = PBXBuildFile; fileRef = 72AB73BC2588354500F2A30C /* 006PdkDogy1gap6ngiyn3j30u011idle.jpg */; };
		72AB74102588354500F2A30C /* d0c21786ly1gavj2btv6tj20c80790tg.jpg in Resources */ = {isa = PBXBuildFile; fileRef = 72AB73BD2588354500F2A30C /* d0c21786ly1gavj2btv6tj20c80790tg.jpg */; };
		72AB74112588354500F2A30C /* PostListData_hot_1.json in Resources */ = {isa = PBXBuildFile; fileRef = 72AB73BE2588354500F2A30C /* PostListData_hot_1.json */; };
		72AB74122588354500F2A30C /* eb5c94aely8fmvumnl9baj20v90v9q49.jpg in Resources */ = {isa = PBXBuildFile; fileRef = 72AB73BF2588354500F2A30C /* eb5c94aely8fmvumnl9baj20v90v9q49.jpg */; };
		72AB74132588354500F2A30C /* 630584a6ly8fqs5wwkkmrj20ku0kuta7.jpg in Resources */ = {isa = PBXBuildFile; fileRef = 72AB73C02588354500F2A30C /* 630584a6ly8fqs5wwkkmrj20ku0kuta7.jpg */; };
		72AB74142588354500F2A30C /* d0c21786ly1gavj2cowp9j20c8083ab4.jpg in Resources */ = {isa = PBXBuildFile; fileRef = 72AB73C12588354500F2A30C /* d0c21786ly1gavj2cowp9j20c8083ab4.jpg */; };
		72AB74152588354500F2A30C /* 9dc7402fgy1gavd367p0pj20j60nywic.jpg in Resources */ = {isa = PBXBuildFile; fileRef = 72AB73C22588354500F2A30C /* 9dc7402fgy1gavd367p0pj20j60nywic.jpg */; };
		72AB74162588354500F2A30C /* 006gWxMEly1gavap86qr9j30ht0qo40t.jpg in Resources */ = {isa = PBXBuildFile; fileRef = 72AB73C32588354500F2A30C /* 006gWxMEly1gavap86qr9j30ht0qo40t.jpg */; };
		72AB74172588354500F2A30C /* 76297935ly1gatz8k5itij22c02c01ky.jpg in Resources */ = {isa = PBXBuildFile; fileRef = 72AB73C42588354500F2A30C /* 76297935ly1gatz8k5itij22c02c01ky.jpg */; };
		72AB74182588354500F2A30C /* 76297935ly1gatz8g5rvxj22c03401kz.jpg in Resources */ = {isa = PBXBuildFile; fileRef = 72AB73C52588354500F2A30C /* 76297935ly1gatz8g5rvxj22c03401kz.jpg */; };
		72AB74192588354500F2A30C /* 700a34f6gy1gaunsxhp4pj20j60pkn1k.jpg in Resources */ = {isa = PBXBuildFile; fileRef = 72AB73C62588354500F2A30C /* 700a34f6gy1gaunsxhp4pj20j60pkn1k.jpg */; };
		72AB741A2588354500F2A30C /* eb5c94aegy1gav2509cp5j20zk0k0n2j.jpg in Resources */ = {isa = PBXBuildFile; fileRef = 72AB73C72588354500F2A30C /* eb5c94aegy1gav2509cp5j20zk0k0n2j.jpg */; };
		72AB741B2588354500F2A30C /* 4e7f0c83gy1gam2mn58d3j22tc240qv5.jpg in Resources */ = {isa = PBXBuildFile; fileRef = 72AB73C82588354500F2A30C /* 4e7f0c83gy1gam2mn58d3j22tc240qv5.jpg */; };
		72AB741C2588354500F2A30C /* eb5c94aegy1gav26fycwlj20zk1h8drh.jpg in Resources */ = {isa = PBXBuildFile; fileRef = 72AB73C92588354500F2A30C /* eb5c94aegy1gav26fycwlj20zk1h8drh.jpg */; };
		72AB741D2588354500F2A30C /* 630584a6gy1gau54zyj61j20m80etn07.jpg in Resources */ = {isa = PBXBuildFile; fileRef = 72AB73CA2588354500F2A30C /* 630584a6gy1gau54zyj61j20m80etn07.jpg */; };
		72AB741E2588354500F2A30C /* c5aa834fgy1gauzr8ok78j20tz12fk8w.jpg in Resources */ = {isa = PBXBuildFile; fileRef = 72AB73CB2588354500F2A30C /* c5aa834fgy1gauzr8ok78j20tz12fk8w.jpg */; };
		72AB741F2588354500F2A30C /* 76297935ly8g4phfkq68hj20u00u0mzt.jpg in Resources */ = {isa = PBXBuildFile; fileRef = 72AB73CC2588354500F2A30C /* 76297935ly8g4phfkq68hj20u00u0mzt.jpg */; };
		72AB74202588354500F2A30C /* 9dc7402fgy1gavd37l9nwj20j60ny44q.jpg in Resources */ = {isa = PBXBuildFile; fileRef = 72AB73CD2588354500F2A30C /* 9dc7402fgy1gavd37l9nwj20j60ny44q.jpg */; };
		72AB74212588354500F2A30C /* 700a34f6gy1gaunswwui7j20j60pl78e.jpg in Resources */ = {isa = PBXBuildFile; fileRef = 72AB73CE2588354500F2A30C /* 700a34f6gy1gaunswwui7j20j60pl78e.jpg */; };
		72AB74222588354500F2A30C /* 630584a6gy1gau54zgaxhj20m80et0vq.jpg in Resources */ = {isa = PBXBuildFile; fileRef = 72AB73CF2588354500F2A30C /* 630584a6gy1gau54zgaxhj20m80et0vq.jpg */; };
		72AB74232588354500F2A30C /* 4e7f0c83gy1gam2mjhk8zj21hc0v6wnx.jpg in Resources */ = {isa = PBXBuildFile; fileRef = 72AB73D02588354500F2A30C /* 4e7f0c83gy1gam2mjhk8zj21hc0v6wnx.jpg */; };
		72AB74242588354500F2A30C /* 6ec3b446gy1gavd4xud8lj20j60qkwj0.jpg in Resources */ = {isa = PBXBuildFile; fileRef = 72AB73D12588354500F2A30C /* 6ec3b446gy1gavd4xud8lj20j60qkwj0.jpg */; };
		72AB74252588354500F2A30C /* 4e7f0c83ly8g1ho507078j20ro0rojtq.jpg in Resources */ = {isa = PBXBuildFile; fileRef = 72AB73D22588354500F2A30C /* 4e7f0c83ly8g1ho507078j20ro0rojtq.jpg */; };
		72AB74262588354500F2A30C /* bca7fdafly1gax1gqdhouj20c80axaam.jpg in Resources */ = {isa = PBXBuildFile; fileRef = 72AB73D32588354500F2A30C /* bca7fdafly1gax1gqdhouj20c80axaam.jpg */; };
		72AB74272588354500F2A30C /* 6ec3b446gy1gavd523embj20j60pytd6.jpg in Resources */ = {isa = PBXBuildFile; fileRef = 72AB73D42588354500F2A30C /* 6ec3b446gy1gavd523embj20j60pytd6.jpg */; };
		72AB74282588354500F2A30C /* 005tnxzUly8gab4i2r73xj30u00u0js8.jpg in Resources */ = {isa = PBXBuildFile; fileRef = 72AB73D52588354500F2A30C /* 005tnxzUly8gab4i2r73xj30u00u0js8.jpg */; };
		72AB742B258838B500F2A30C /* PostVIPBadge.swift in Sources */ = {isa = PBXBuildFile; fileRef = 72AB742A258838B500F2A30C /* PostVIPBadge.swift */; };
/* End PBXBuildFile section */

/* Begin PBXFileReference section */
		72557EE425888CE200DEC14C /* Post.swift */ = {isa = PBXFileReference; lastKnownFileType = sourcecode.swift; path = Post.swift; sourceTree = "<group>"; };
		72557EE72589851C00DEC14C /* PostCellToolbarButton.swift */ = {isa = PBXFileReference; lastKnownFileType = sourcecode.swift; path = PostCellToolbarButton.swift; sourceTree = "<group>"; };
		72557EEA258989D100DEC14C /* PostListView.swift */ = {isa = PBXFileReference; lastKnownFileType = sourcecode.swift; path = PostListView.swift; sourceTree = "<group>"; };
		72557EED2589B82300DEC14C /* PostImageCell.swift */ = {isa = PBXFileReference; lastKnownFileType = sourcecode.swift; path = PostImageCell.swift; sourceTree = "<group>"; };
		72557EF02589C23000DEC14C /* PostDetailView.swift */ = {isa = PBXFileReference; lastKnownFileType = sourcecode.swift; path = PostDetailView.swift; sourceTree = "<group>"; };
		7257811C258AB0CE003455A1 /* HomeNavigationBar.swift */ = {isa = PBXFileReference; lastKnownFileType = sourcecode.swift; path = HomeNavigationBar.swift; sourceTree = "<group>"; };
		7257811F258ACB41003455A1 /* HomeView.swift */ = {isa = PBXFileReference; lastKnownFileType = sourcecode.swift; path = HomeView.swift; sourceTree = "<group>"; };
		72578122258ACF24003455A1 /* UserData.swift */ = {isa = PBXFileReference; lastKnownFileType = sourcecode.swift; path = UserData.swift; sourceTree = "<group>"; };
		7276FA882588241600D18BBF /* WeiboDemo.app */ = {isa = PBXFileReference; explicitFileType = wrapper.application; includeInIndex = 0; path = WeiboDemo.app; sourceTree = BUILT_PRODUCTS_DIR; };
		7276FA8B2588241600D18BBF /* AppDelegate.swift */ = {isa = PBXFileReference; lastKnownFileType = sourcecode.swift; path = AppDelegate.swift; sourceTree = "<group>"; };
		7276FA8D2588241600D18BBF /* SceneDelegate.swift */ = {isa = PBXFileReference; lastKnownFileType = sourcecode.swift; path = SceneDelegate.swift; sourceTree = "<group>"; };
		7276FA8F2588241600D18BBF /* ContentView.swift */ = {isa = PBXFileReference; lastKnownFileType = sourcecode.swift; path = ContentView.swift; sourceTree = "<group>"; };
		7276FA912588241A00D18BBF /* Assets.xcassets */ = {isa = PBXFileReference; lastKnownFileType = folder.assetcatalog; path = Assets.xcassets; sourceTree = "<group>"; };
		7276FA942588241A00D18BBF /* Preview Assets.xcassets */ = {isa = PBXFileReference; lastKnownFileType = folder.assetcatalog; path = "Preview Assets.xcassets"; sourceTree = "<group>"; };
		7276FA972588241A00D18BBF /* Base */ = {isa = PBXFileReference; lastKnownFileType = file.storyboard; name = Base; path = Base.lproj/LaunchScreen.storyboard; sourceTree = "<group>"; };
		7276FA992588241A00D18BBF /* Info.plist */ = {isa = PBXFileReference; lastKnownFileType = text.plist.xml; path = Info.plist; sourceTree = "<group>"; };
		72AB737F2588279200F2A30C /* PostCell.swift */ = {isa = PBXFileReference; lastKnownFileType = sourcecode.swift; path = PostCell.swift; sourceTree = "<group>"; };
		72AB73832588354500F2A30C /* 8697cf1ely8gashxj3b09j20u00u040v.jpg */ = {isa = PBXFileReference; lastKnownFileType = image.jpeg; path = 8697cf1ely8gashxj3b09j20u00u040v.jpg; sourceTree = "<group>"; };
		72AB73842588354500F2A30C /* d0c21786ly1gavj2c0kcej20c8096dh7.jpg */ = {isa = PBXFileReference; lastKnownFileType = image.jpeg; path = d0c21786ly1gavj2c0kcej20c8096dh7.jpg; sourceTree = "<group>"; };
		72AB73852588354500F2A30C /* 6ec3b446jw1e8qgp5bmzyj2050050aa8.jpg */ = {isa = PBXFileReference; lastKnownFileType = image.jpeg; path = 6ec3b446jw1e8qgp5bmzyj2050050aa8.jpg; sourceTree = "<group>"; };
		72AB73862588354500F2A30C /* 8a0b5544jw1e8qgp5bmzyj2050050aa8.jpg */ = {isa = PBXFileReference; lastKnownFileType = image.jpeg; path = 8a0b5544jw1e8qgp5bmzyj2050050aa8.jpg; sourceTree = "<group>"; };
		72AB73872588354500F2A30C /* bca7fdafly1gax1gqdg6qj20c80avdgl.jpg */ = {isa = PBXFileReference; lastKnownFileType = image.jpeg; path = bca7fdafly1gax1gqdg6qj20c80avdgl.jpg; sourceTree = "<group>"; };
		72AB73882588354500F2A30C /* 9dc7402fjw1e8qgp5bmzyj2050050aa8.jpg */ = {isa = PBXFileReference; lastKnownFileType = image.jpeg; path = 9dc7402fjw1e8qgp5bmzyj2050050aa8.jpg; sourceTree = "<group>"; };
		72AB73892588354500F2A30C /* eb5c94aegy1gav25n5ibjj20zk1h8wuu.jpg */ = {isa = PBXFileReference; lastKnownFileType = image.jpeg; path = eb5c94aegy1gav25n5ibjj20zk1h8wuu.jpg; sourceTree = "<group>"; };
		72AB738A2588354500F2A30C /* 006gWxMEly1gavap8dywoj30hs0bwq48.jpg */ = {isa = PBXFileReference; lastKnownFileType = image.jpeg; path = 006gWxMEly1gavap8dywoj30hs0bwq48.jpg; sourceTree = "<group>"; };
		72AB738B2588354500F2A30C /* 630584a6gy1gau54zl806j20m80etmzo.jpg */ = {isa = PBXFileReference; lastKnownFileType = image.jpeg; path = 630584a6gy1gau54zl806j20m80etmzo.jpg; sourceTree = "<group>"; };
		72AB738C2588354500F2A30C /* 9dc7402fgy1gavd38wwlrj20j60nyq6y.jpg */ = {isa = PBXFileReference; lastKnownFileType = image.jpeg; path = 9dc7402fgy1gavd38wwlrj20j60nyq6y.jpg; sourceTree = "<group>"; };
		72AB738D2588354500F2A30C /* 8a0b5544gy1gauy2flua6j20u00hitab.jpg */ = {isa = PBXFileReference; lastKnownFileType = image.jpeg; path = 8a0b5544gy1gauy2flua6j20u00hitab.jpg; sourceTree = "<group>"; };
		72AB738E2588354500F2A30C /* 7f9147a5ly1fzxlh4ovuej20e90fl4fo.jpg */ = {isa = PBXFileReference; lastKnownFileType = image.jpeg; path = 7f9147a5ly1fzxlh4ovuej20e90fl4fo.jpg; sourceTree = "<group>"; };
		72AB738F2588354500F2A30C /* 7f9147a5ly1fzxlgxgzpij20e90fltsj.jpg */ = {isa = PBXFileReference; lastKnownFileType = image.jpeg; path = 7f9147a5ly1fzxlgxgzpij20e90fltsj.jpg; sourceTree = "<group>"; };
		72AB73902588354500F2A30C /* 76297935ly1gatz8obqvkj22c0340npe.jpg */ = {isa = PBXFileReference; lastKnownFileType = image.jpeg; path = 76297935ly1gatz8obqvkj22c0340npe.jpg; sourceTree = "<group>"; };
		72AB73912588354500F2A30C /* d0c21786ly8fsax1ftiifj20ro0ro43g.jpg */ = {isa = PBXFileReference; lastKnownFileType = image.jpeg; path = d0c21786ly8fsax1ftiifj20ro0ro43g.jpg; sourceTree = "<group>"; };
		72AB73922588354500F2A30C /* 9dc7402fgy1gavd38kqjtj20j60nyn1d.jpg */ = {isa = PBXFileReference; lastKnownFileType = image.jpeg; path = 9dc7402fgy1gavd38kqjtj20j60nyn1d.jpg; sourceTree = "<group>"; };
		72AB73932588354500F2A30C /* 6a2afec3gy1gaulykcejqj20t5145wns.jpg */ = {isa = PBXFileReference; lastKnownFileType = image.jpeg; path = 6a2afec3gy1gaulykcejqj20t5145wns.jpg; sourceTree = "<group>"; };
		72AB73942588354500F2A30C /* 4e7f0c83gy1gam2mp0x4pj22tc240u0x.jpg */ = {isa = PBXFileReference; lastKnownFileType = image.jpeg; path = 4e7f0c83gy1gam2mp0x4pj22tc240u0x.jpg; sourceTree = "<group>"; };
		72AB73952588354500F2A30C /* c5aa834fgy1gauzrb7s5ej20tz13qh5x.jpg */ = {isa = PBXFileReference; lastKnownFileType = image.jpeg; path = c5aa834fgy1gauzrb7s5ej20tz13qh5x.jpg; sourceTree = "<group>"; };
		72AB73962588354500F2A30C /* 700a34f6gy1gaunswxtlrj20j60pkgok.jpg */ = {isa = PBXFileReference; lastKnownFileType = image.jpeg; path = 700a34f6gy1gaunswxtlrj20j60pkgok.jpg; sourceTree = "<group>"; };
		72AB73972588354500F2A30C /* 8a0b5544gy1gauy2ex786j20u0129aed.jpg */ = {isa = PBXFileReference; lastKnownFileType = image.jpeg; path = 8a0b5544gy1gauy2ex786j20u0129aed.jpg; sourceTree = "<group>"; };
		72AB73982588354500F2A30C /* 76297935ly1gatz89dzblj23402c0qv6.jpg */ = {isa = PBXFileReference; lastKnownFileType = image.jpeg; path = 76297935ly1gatz89dzblj23402c0qv6.jpg; sourceTree = "<group>"; };
		72AB73992588354500F2A30C /* 700a34f6gy1gaunswy5qnj20j60pkadk.jpg */ = {isa = PBXFileReference; lastKnownFileType = image.jpeg; path = 700a34f6gy1gaunswy5qnj20j60pkadk.jpg; sourceTree = "<group>"; };
		72AB739A2588354500F2A30C /* bca7fdafgw1ekhkps65b1j2050050dg4.jpg */ = {isa = PBXFileReference; lastKnownFileType = image.jpeg; path = bca7fdafgw1ekhkps65b1j2050050dg4.jpg; sourceTree = "<group>"; };
		72AB739B2588354500F2A30C /* PostListData_recommend_1.json */ = {isa = PBXFileReference; fileEncoding = 4; lastKnownFileType = text.json; path = PostListData_recommend_1.json; sourceTree = "<group>"; };
		72AB739C2588354500F2A30C /* 006gWxMEly8g0bjpl3ynij30kv0kv773.jpg */ = {isa = PBXFileReference; lastKnownFileType = image.jpeg; path = 006gWxMEly8g0bjpl3ynij30kv0kv773.jpg; sourceTree = "<group>"; };
		72AB739D2588354500F2A30C /* 6ec3b446gy1gavd51jc4lj20j60pmwhl.jpg */ = {isa = PBXFileReference; lastKnownFileType = image.jpeg; path = 6ec3b446gy1gavd51jc4lj20j60pmwhl.jpg; sourceTree = "<group>"; };
		72AB739E2588354500F2A30C /* 006gWxMEly1gavap88gttj30hs0a0dgf.jpg */ = {isa = PBXFileReference; lastKnownFileType = image.jpeg; path = 006gWxMEly1gavap88gttj30hs0a0dgf.jpg; sourceTree = "<group>"; };
		72AB739F2588354500F2A30C /* 4e7f0c83gy1gam2ml6nucj22tc240kjl.jpg */ = {isa = PBXFileReference; lastKnownFileType = image.jpeg; path = 4e7f0c83gy1gam2ml6nucj22tc240kjl.jpg; sourceTree = "<group>"; };
		72AB73A02588354500F2A30C /* 4e7f0c83gy1gam2misv31j21hc0u016k.jpg */ = {isa = PBXFileReference; lastKnownFileType = image.jpeg; path = 4e7f0c83gy1gam2misv31j21hc0u016k.jpg; sourceTree = "<group>"; };
		72AB73A12588354500F2A30C /* 8a0b5544gy1gauy2gmkg9j20u00gegnp.jpg */ = {isa = PBXFileReference; lastKnownFileType = image.jpeg; path = 8a0b5544gy1gauy2gmkg9j20u00gegnp.jpg; sourceTree = "<group>"; };
		72AB73A22588354500F2A30C /* 006gWxMEly1gavap8vsqaj30hs0bwgm6.jpg */ = {isa = PBXFileReference; lastKnownFileType = image.jpeg; path = 006gWxMEly1gavap8vsqaj30hs0bwgm6.jpg; sourceTree = "<group>"; };
		72AB73A32588354500F2A30C /* 648ed25bjw8est9nqrtnij20500503yr.jpg */ = {isa = PBXFileReference; lastKnownFileType = image.jpeg; path = 648ed25bjw8est9nqrtnij20500503yr.jpg; sourceTree = "<group>"; };
		72AB73A42588354500F2A30C /* eb5c94aegy1gav25ox6dvj20u00k1go9.jpg */ = {isa = PBXFileReference; lastKnownFileType = image.jpeg; path = eb5c94aegy1gav25ox6dvj20u00k1go9.jpg; sourceTree = "<group>"; };
		72AB73A52588354500F2A30C /* 8a0b5544gy1gauy2g35yoj20u00fomzf.jpg */ = {isa = PBXFileReference; lastKnownFileType = image.jpeg; path = 8a0b5544gy1gauy2g35yoj20u00fomzf.jpg; sourceTree = "<group>"; };
		72AB73A62588354500F2A30C /* 006PdkDoly8ffywe2fq39j304g04gwed.jpg */ = {isa = PBXFileReference; lastKnownFileType = image.jpeg; path = 006PdkDoly8ffywe2fq39j304g04gwed.jpg; sourceTree = "<group>"; };
		72AB73A72588354500F2A30C /* 700a34f6gy1gaunsxgzixj20j60edmz8.jpg */ = {isa = PBXFileReference; lastKnownFileType = image.jpeg; path = 700a34f6gy1gaunsxgzixj20j60edmz8.jpg; sourceTree = "<group>"; };
		72AB73A82588354500F2A30C /* bca7fdafly1gax1gqdnboj20c80atmxp.jpg */ = {isa = PBXFileReference; lastKnownFileType = image.jpeg; path = bca7fdafly1gax1gqdnboj20c80atmxp.jpg; sourceTree = "<group>"; };
		72AB73A92588354500F2A30C /* c5aa834fgy1gauzr6venkj20u01hc12f.jpg */ = {isa = PBXFileReference; lastKnownFileType = image.jpeg; path = c5aa834fgy1gauzr6venkj20u01hc12f.jpg; sourceTree = "<group>"; };
		72AB73AA2588354500F2A30C /* 7f9147a5ly1fzxlh6hzdnj20e90fl7me.jpg */ = {isa = PBXFileReference; lastKnownFileType = image.jpeg; path = 7f9147a5ly1fzxlh6hzdnj20e90fl7me.jpg; sourceTree = "<group>"; };
		72AB73AB2588354500F2A30C /* 630584a6gy1gau54zm4dtj20m80dftbv.jpg */ = {isa = PBXFileReference; lastKnownFileType = image.jpeg; path = 630584a6gy1gau54zm4dtj20m80dftbv.jpg; sourceTree = "<group>"; };
		72AB73AC2588354500F2A30C /* c5aa834fgy1gauzr86bp5j20pb0w47in.jpg */ = {isa = PBXFileReference; lastKnownFileType = image.jpeg; path = c5aa834fgy1gauzr86bp5j20pb0w47in.jpg; sourceTree = "<group>"; };
		72AB73AD2588354500F2A30C /* 9dc7402fgy1gavd39ba15j20j60nywii.jpg */ = {isa = PBXFileReference; lastKnownFileType = image.jpeg; path = 9dc7402fgy1gavd39ba15j20j60nywii.jpg; sourceTree = "<group>"; };
		72AB73AE2588354500F2A30C /* bca7fdafly1gax1gqfgsjj20c80axaay.jpg */ = {isa = PBXFileReference; lastKnownFileType = image.jpeg; path = bca7fdafly1gax1gqfgsjj20c80axaay.jpg; sourceTree = "<group>"; };
		72AB73AF2588354500F2A30C /* c5aa834fly8g97m8ix9lcj20re0regnk.jpg */ = {isa = PBXFileReference; lastKnownFileType = image.jpeg; path = c5aa834fly8g97m8ix9lcj20re0regnk.jpg; sourceTree = "<group>"; };
		72AB73B02588354500F2A30C /* 700a34f6ly8g9a29rjt92j20fn0iqdg8.jpg */ = {isa = PBXFileReference; lastKnownFileType = image.jpeg; path = 700a34f6ly8g9a29rjt92j20fn0iqdg8.jpg; sourceTree = "<group>"; };
		72AB73B12588354500F2A30C /* d0c21786ly1gavj2cdrkyj20c80720tg.jpg */ = {isa = PBXFileReference; lastKnownFileType = image.jpeg; path = d0c21786ly1gavj2cdrkyj20c80720tg.jpg; sourceTree = "<group>"; };
		72AB73B22588354500F2A30C /* bca7fdafly1gax1gqehdaj20c80atq3x.jpg */ = {isa = PBXFileReference; lastKnownFileType = image.jpeg; path = bca7fdafly1gax1gqehdaj20c80atq3x.jpg; sourceTree = "<group>"; };
		72AB73B32588354500F2A30C /* d0c21786ly1gavj2d17d9j20c808zq3r.jpg */ = {isa = PBXFileReference; lastKnownFileType = image.jpeg; path = d0c21786ly1gavj2d17d9j20c808zq3r.jpg; sourceTree = "<group>"; };
		72AB73B42588354500F2A30C /* 8a0b5544gy1gauy2gz000j20u00n6wgj.jpg */ = {isa = PBXFileReference; lastKnownFileType = image.jpeg; path = 8a0b5544gy1gauy2gz000j20u00n6wgj.jpg; sourceTree = "<group>"; };
		72AB73B52588354500F2A30C /* 006PdkDogy1gap6ngj12ej30u011itf7.jpg */ = {isa = PBXFileReference; lastKnownFileType = image.jpeg; path = 006PdkDogy1gap6ngj12ej30u011itf7.jpg; sourceTree = "<group>"; };
		72AB73B62588354500F2A30C /* 700a34f6gy1gaunsx2jywj20j60pkaeu.jpg */ = {isa = PBXFileReference; lastKnownFileType = image.jpeg; path = 700a34f6gy1gaunsx2jywj20j60pkaeu.jpg; sourceTree = "<group>"; };
		72AB73B72588354500F2A30C /* 4e7f0c83gy1gam2mr1b81j22tc2407wi.jpg */ = {isa = PBXFileReference; lastKnownFileType = image.jpeg; path = 4e7f0c83gy1gam2mr1b81j22tc2407wi.jpg; sourceTree = "<group>"; };
		72AB73B82588354500F2A30C /* 6a2afec3jw8fb4ld0qf2gj20e80dsdfz.jpg */ = {isa = PBXFileReference; lastKnownFileType = image.jpeg; path = 6a2afec3jw8fb4ld0qf2gj20e80dsdfz.jpg; sourceTree = "<group>"; };
		72AB73B92588354500F2A30C /* bca7fdafly1gax1gqd9vmj20c80ayaam.jpg */ = {isa = PBXFileReference; lastKnownFileType = image.jpeg; path = bca7fdafly1gax1gqd9vmj20c80ayaam.jpg; sourceTree = "<group>"; };
		72AB73BA2588354500F2A30C /* 8a0b5544gy1gauy2hcozsj20u01czdiy.jpg */ = {isa = PBXFileReference; lastKnownFileType = image.jpeg; path = 8a0b5544gy1gauy2hcozsj20u01czdiy.jpg; sourceTree = "<group>"; };
		72AB73BB2588354500F2A30C /* c5aa834fgy1gauzr95r6fj20tw0l3dq4.jpg */ = {isa = PBXFileReference; lastKnownFileType = image.jpeg; path = c5aa834fgy1gauzr95r6fj20tw0l3dq4.jpg; sourceTree = "<group>"; };
		72AB73BC2588354500F2A30C /* 006PdkDogy1gap6ngiyn3j30u011idle.jpg */ = {isa = PBXFileReference; lastKnownFileType = image.jpeg; path = 006PdkDogy1gap6ngiyn3j30u011idle.jpg; sourceTree = "<group>"; };
		72AB73BD2588354500F2A30C /* d0c21786ly1gavj2btv6tj20c80790tg.jpg */ = {isa = PBXFileReference; lastKnownFileType = image.jpeg; path = d0c21786ly1gavj2btv6tj20c80790tg.jpg; sourceTree = "<group>"; };
		72AB73BE2588354500F2A30C /* PostListData_hot_1.json */ = {isa = PBXFileReference; fileEncoding = 4; lastKnownFileType = text.json; path = PostListData_hot_1.json; sourceTree = "<group>"; };
		72AB73BF2588354500F2A30C /* eb5c94aely8fmvumnl9baj20v90v9q49.jpg */ = {isa = PBXFileReference; lastKnownFileType = image.jpeg; path = eb5c94aely8fmvumnl9baj20v90v9q49.jpg; sourceTree = "<group>"; };
		72AB73C02588354500F2A30C /* 630584a6ly8fqs5wwkkmrj20ku0kuta7.jpg */ = {isa = PBXFileReference; lastKnownFileType = image.jpeg; path = 630584a6ly8fqs5wwkkmrj20ku0kuta7.jpg; sourceTree = "<group>"; };
		72AB73C12588354500F2A30C /* d0c21786ly1gavj2cowp9j20c8083ab4.jpg */ = {isa = PBXFileReference; lastKnownFileType = image.jpeg; path = d0c21786ly1gavj2cowp9j20c8083ab4.jpg; sourceTree = "<group>"; };
		72AB73C22588354500F2A30C /* 9dc7402fgy1gavd367p0pj20j60nywic.jpg */ = {isa = PBXFileReference; lastKnownFileType = image.jpeg; path = 9dc7402fgy1gavd367p0pj20j60nywic.jpg; sourceTree = "<group>"; };
		72AB73C32588354500F2A30C /* 006gWxMEly1gavap86qr9j30ht0qo40t.jpg */ = {isa = PBXFileReference; lastKnownFileType = image.jpeg; path = 006gWxMEly1gavap86qr9j30ht0qo40t.jpg; sourceTree = "<group>"; };
		72AB73C42588354500F2A30C /* 76297935ly1gatz8k5itij22c02c01ky.jpg */ = {isa = PBXFileReference; lastKnownFileType = image.jpeg; path = 76297935ly1gatz8k5itij22c02c01ky.jpg; sourceTree = "<group>"; };
		72AB73C52588354500F2A30C /* 76297935ly1gatz8g5rvxj22c03401kz.jpg */ = {isa = PBXFileReference; lastKnownFileType = image.jpeg; path = 76297935ly1gatz8g5rvxj22c03401kz.jpg; sourceTree = "<group>"; };
		72AB73C62588354500F2A30C /* 700a34f6gy1gaunsxhp4pj20j60pkn1k.jpg */ = {isa = PBXFileReference; lastKnownFileType = image.jpeg; path = 700a34f6gy1gaunsxhp4pj20j60pkn1k.jpg; sourceTree = "<group>"; };
		72AB73C72588354500F2A30C /* eb5c94aegy1gav2509cp5j20zk0k0n2j.jpg */ = {isa = PBXFileReference; lastKnownFileType = image.jpeg; path = eb5c94aegy1gav2509cp5j20zk0k0n2j.jpg; sourceTree = "<group>"; };
		72AB73C82588354500F2A30C /* 4e7f0c83gy1gam2mn58d3j22tc240qv5.jpg */ = {isa = PBXFileReference; lastKnownFileType = image.jpeg; path = 4e7f0c83gy1gam2mn58d3j22tc240qv5.jpg; sourceTree = "<group>"; };
		72AB73C92588354500F2A30C /* eb5c94aegy1gav26fycwlj20zk1h8drh.jpg */ = {isa = PBXFileReference; lastKnownFileType = image.jpeg; path = eb5c94aegy1gav26fycwlj20zk1h8drh.jpg; sourceTree = "<group>"; };
		72AB73CA2588354500F2A30C /* 630584a6gy1gau54zyj61j20m80etn07.jpg */ = {isa = PBXFileReference; lastKnownFileType = image.jpeg; path = 630584a6gy1gau54zyj61j20m80etn07.jpg; sourceTree = "<group>"; };
		72AB73CB2588354500F2A30C /* c5aa834fgy1gauzr8ok78j20tz12fk8w.jpg */ = {isa = PBXFileReference; lastKnownFileType = image.jpeg; path = c5aa834fgy1gauzr8ok78j20tz12fk8w.jpg; sourceTree = "<group>"; };
		72AB73CC2588354500F2A30C /* 76297935ly8g4phfkq68hj20u00u0mzt.jpg */ = {isa = PBXFileReference; lastKnownFileType = image.jpeg; path = 76297935ly8g4phfkq68hj20u00u0mzt.jpg; sourceTree = "<group>"; };
		72AB73CD2588354500F2A30C /* 9dc7402fgy1gavd37l9nwj20j60ny44q.jpg */ = {isa = PBXFileReference; lastKnownFileType = image.jpeg; path = 9dc7402fgy1gavd37l9nwj20j60ny44q.jpg; sourceTree = "<group>"; };
		72AB73CE2588354500F2A30C /* 700a34f6gy1gaunswwui7j20j60pl78e.jpg */ = {isa = PBXFileReference; lastKnownFileType = image.jpeg; path = 700a34f6gy1gaunswwui7j20j60pl78e.jpg; sourceTree = "<group>"; };
		72AB73CF2588354500F2A30C /* 630584a6gy1gau54zgaxhj20m80et0vq.jpg */ = {isa = PBXFileReference; lastKnownFileType = image.jpeg; path = 630584a6gy1gau54zgaxhj20m80et0vq.jpg; sourceTree = "<group>"; };
		72AB73D02588354500F2A30C /* 4e7f0c83gy1gam2mjhk8zj21hc0v6wnx.jpg */ = {isa = PBXFileReference; lastKnownFileType = image.jpeg; path = 4e7f0c83gy1gam2mjhk8zj21hc0v6wnx.jpg; sourceTree = "<group>"; };
		72AB73D12588354500F2A30C /* 6ec3b446gy1gavd4xud8lj20j60qkwj0.jpg */ = {isa = PBXFileReference; lastKnownFileType = image.jpeg; path = 6ec3b446gy1gavd4xud8lj20j60qkwj0.jpg; sourceTree = "<group>"; };
		72AB73D22588354500F2A30C /* 4e7f0c83ly8g1ho507078j20ro0rojtq.jpg */ = {isa = PBXFileReference; lastKnownFileType = image.jpeg; path = 4e7f0c83ly8g1ho507078j20ro0rojtq.jpg; sourceTree = "<group>"; };
		72AB73D32588354500F2A30C /* bca7fdafly1gax1gqdhouj20c80axaam.jpg */ = {isa = PBXFileReference; lastKnownFileType = image.jpeg; path = bca7fdafly1gax1gqdhouj20c80axaam.jpg; sourceTree = "<group>"; };
		72AB73D42588354500F2A30C /* 6ec3b446gy1gavd523embj20j60pytd6.jpg */ = {isa = PBXFileReference; lastKnownFileType = image.jpeg; path = 6ec3b446gy1gavd523embj20j60pytd6.jpg; sourceTree = "<group>"; };
		72AB73D52588354500F2A30C /* 005tnxzUly8gab4i2r73xj30u00u0js8.jpg */ = {isa = PBXFileReference; lastKnownFileType = image.jpeg; path = 005tnxzUly8gab4i2r73xj30u00u0js8.jpg; sourceTree = "<group>"; };
		72AB742A258838B500F2A30C /* PostVIPBadge.swift */ = {isa = PBXFileReference; lastKnownFileType = sourcecode.swift; path = PostVIPBadge.swift; sourceTree = "<group>"; };
/* End PBXFileReference section */

/* Begin PBXFrameworksBuildPhase section */
		7276FA852588241600D18BBF /* Frameworks */ = {
			isa = PBXFrameworksBuildPhase;
			buildActionMask = 2147483647;
			files = (
			);
			runOnlyForDeploymentPostprocessing = 0;
		};
/* End PBXFrameworksBuildPhase section */

/* Begin PBXGroup section */
		7276FA7F2588241600D18BBF = {
			isa = PBXGroup;
			children = (
				7276FA8A2588241600D18BBF /* WeiboDemo */,
				7276FA892588241600D18BBF /* Products */,
			);
			sourceTree = "<group>";
		};
		7276FA892588241600D18BBF /* Products */ = {
			isa = PBXGroup;
			children = (
				7276FA882588241600D18BBF /* WeiboDemo.app */,
			);
			name = Products;
			sourceTree = "<group>";
		};
		7276FA8A2588241600D18BBF /* WeiboDemo */ = {
			isa = PBXGroup;
			children = (
				7276FA8B2588241600D18BBF /* AppDelegate.swift */,
				7276FA8D2588241600D18BBF /* SceneDelegate.swift */,
				7276FA8F2588241600D18BBF /* ContentView.swift */,
				72AB737F2588279200F2A30C /* PostCell.swift */,
				7257811C258AB0CE003455A1 /* HomeNavigationBar.swift */,
				72578122258ACF24003455A1 /* UserData.swift */,
				7257811F258ACB41003455A1 /* HomeView.swift */,
				72557EEA258989D100DEC14C /* PostListView.swift */,
				72557EF02589C23000DEC14C /* PostDetailView.swift */,
				72557EED2589B82300DEC14C /* PostImageCell.swift */,
				72557EE72589851C00DEC14C /* PostCellToolbarButton.swift */,
				72557EE425888CE200DEC14C /* Post.swift */,
				72AB742A258838B500F2A30C /* PostVIPBadge.swift */,
				72AB73822588354500F2A30C /* Resources */,
				7276FA912588241A00D18BBF /* Assets.xcassets */,
				7276FA962588241A00D18BBF /* LaunchScreen.storyboard */,
				7276FA992588241A00D18BBF /* Info.plist */,
				7276FA932588241A00D18BBF /* Preview Content */,
			);
			path = WeiboDemo;
			sourceTree = "<group>";
		};
		7276FA932588241A00D18BBF /* Preview Content */ = {
			isa = PBXGroup;
			children = (
				7276FA942588241A00D18BBF /* Preview Assets.xcassets */,
			);
			path = "Preview Content";
			sourceTree = "<group>";
		};
		72AB73822588354500F2A30C /* Resources */ = {
			isa = PBXGroup;
			children = (
				72AB73832588354500F2A30C /* 8697cf1ely8gashxj3b09j20u00u040v.jpg */,
				72AB73842588354500F2A30C /* d0c21786ly1gavj2c0kcej20c8096dh7.jpg */,
				72AB73852588354500F2A30C /* 6ec3b446jw1e8qgp5bmzyj2050050aa8.jpg */,
				72AB73862588354500F2A30C /* 8a0b5544jw1e8qgp5bmzyj2050050aa8.jpg */,
				72AB73872588354500F2A30C /* bca7fdafly1gax1gqdg6qj20c80avdgl.jpg */,
				72AB73882588354500F2A30C /* 9dc7402fjw1e8qgp5bmzyj2050050aa8.jpg */,
				72AB73892588354500F2A30C /* eb5c94aegy1gav25n5ibjj20zk1h8wuu.jpg */,
				72AB738A2588354500F2A30C /* 006gWxMEly1gavap8dywoj30hs0bwq48.jpg */,
				72AB738B2588354500F2A30C /* 630584a6gy1gau54zl806j20m80etmzo.jpg */,
				72AB738C2588354500F2A30C /* 9dc7402fgy1gavd38wwlrj20j60nyq6y.jpg */,
				72AB738D2588354500F2A30C /* 8a0b5544gy1gauy2flua6j20u00hitab.jpg */,
				72AB738E2588354500F2A30C /* 7f9147a5ly1fzxlh4ovuej20e90fl4fo.jpg */,
				72AB738F2588354500F2A30C /* 7f9147a5ly1fzxlgxgzpij20e90fltsj.jpg */,
				72AB73902588354500F2A30C /* 76297935ly1gatz8obqvkj22c0340npe.jpg */,
				72AB73912588354500F2A30C /* d0c21786ly8fsax1ftiifj20ro0ro43g.jpg */,
				72AB73922588354500F2A30C /* 9dc7402fgy1gavd38kqjtj20j60nyn1d.jpg */,
				72AB73932588354500F2A30C /* 6a2afec3gy1gaulykcejqj20t5145wns.jpg */,
				72AB73942588354500F2A30C /* 4e7f0c83gy1gam2mp0x4pj22tc240u0x.jpg */,
				72AB73952588354500F2A30C /* c5aa834fgy1gauzrb7s5ej20tz13qh5x.jpg */,
				72AB73962588354500F2A30C /* 700a34f6gy1gaunswxtlrj20j60pkgok.jpg */,
				72AB73972588354500F2A30C /* 8a0b5544gy1gauy2ex786j20u0129aed.jpg */,
				72AB73982588354500F2A30C /* 76297935ly1gatz89dzblj23402c0qv6.jpg */,
				72AB73992588354500F2A30C /* 700a34f6gy1gaunswy5qnj20j60pkadk.jpg */,
				72AB739A2588354500F2A30C /* bca7fdafgw1ekhkps65b1j2050050dg4.jpg */,
				72AB739B2588354500F2A30C /* PostListData_recommend_1.json */,
				72AB739C2588354500F2A30C /* 006gWxMEly8g0bjpl3ynij30kv0kv773.jpg */,
				72AB739D2588354500F2A30C /* 6ec3b446gy1gavd51jc4lj20j60pmwhl.jpg */,
				72AB739E2588354500F2A30C /* 006gWxMEly1gavap88gttj30hs0a0dgf.jpg */,
				72AB739F2588354500F2A30C /* 4e7f0c83gy1gam2ml6nucj22tc240kjl.jpg */,
				72AB73A02588354500F2A30C /* 4e7f0c83gy1gam2misv31j21hc0u016k.jpg */,
				72AB73A12588354500F2A30C /* 8a0b5544gy1gauy2gmkg9j20u00gegnp.jpg */,
				72AB73A22588354500F2A30C /* 006gWxMEly1gavap8vsqaj30hs0bwgm6.jpg */,
				72AB73A32588354500F2A30C /* 648ed25bjw8est9nqrtnij20500503yr.jpg */,
				72AB73A42588354500F2A30C /* eb5c94aegy1gav25ox6dvj20u00k1go9.jpg */,
				72AB73A52588354500F2A30C /* 8a0b5544gy1gauy2g35yoj20u00fomzf.jpg */,
				72AB73A62588354500F2A30C /* 006PdkDoly8ffywe2fq39j304g04gwed.jpg */,
				72AB73A72588354500F2A30C /* 700a34f6gy1gaunsxgzixj20j60edmz8.jpg */,
				72AB73A82588354500F2A30C /* bca7fdafly1gax1gqdnboj20c80atmxp.jpg */,
				72AB73A92588354500F2A30C /* c5aa834fgy1gauzr6venkj20u01hc12f.jpg */,
				72AB73AA2588354500F2A30C /* 7f9147a5ly1fzxlh6hzdnj20e90fl7me.jpg */,
				72AB73AB2588354500F2A30C /* 630584a6gy1gau54zm4dtj20m80dftbv.jpg */,
				72AB73AC2588354500F2A30C /* c5aa834fgy1gauzr86bp5j20pb0w47in.jpg */,
				72AB73AD2588354500F2A30C /* 9dc7402fgy1gavd39ba15j20j60nywii.jpg */,
				72AB73AE2588354500F2A30C /* bca7fdafly1gax1gqfgsjj20c80axaay.jpg */,
				72AB73AF2588354500F2A30C /* c5aa834fly8g97m8ix9lcj20re0regnk.jpg */,
				72AB73B02588354500F2A30C /* 700a34f6ly8g9a29rjt92j20fn0iqdg8.jpg */,
				72AB73B12588354500F2A30C /* d0c21786ly1gavj2cdrkyj20c80720tg.jpg */,
				72AB73B22588354500F2A30C /* bca7fdafly1gax1gqehdaj20c80atq3x.jpg */,
				72AB73B32588354500F2A30C /* d0c21786ly1gavj2d17d9j20c808zq3r.jpg */,
				72AB73B42588354500F2A30C /* 8a0b5544gy1gauy2gz000j20u00n6wgj.jpg */,
				72AB73B52588354500F2A30C /* 006PdkDogy1gap6ngj12ej30u011itf7.jpg */,
				72AB73B62588354500F2A30C /* 700a34f6gy1gaunsx2jywj20j60pkaeu.jpg */,
				72AB73B72588354500F2A30C /* 4e7f0c83gy1gam2mr1b81j22tc2407wi.jpg */,
				72AB73B82588354500F2A30C /* 6a2afec3jw8fb4ld0qf2gj20e80dsdfz.jpg */,
				72AB73B92588354500F2A30C /* bca7fdafly1gax1gqd9vmj20c80ayaam.jpg */,
				72AB73BA2588354500F2A30C /* 8a0b5544gy1gauy2hcozsj20u01czdiy.jpg */,
				72AB73BB2588354500F2A30C /* c5aa834fgy1gauzr95r6fj20tw0l3dq4.jpg */,
				72AB73BC2588354500F2A30C /* 006PdkDogy1gap6ngiyn3j30u011idle.jpg */,
				72AB73BD2588354500F2A30C /* d0c21786ly1gavj2btv6tj20c80790tg.jpg */,
				72AB73BE2588354500F2A30C /* PostListData_hot_1.json */,
				72AB73BF2588354500F2A30C /* eb5c94aely8fmvumnl9baj20v90v9q49.jpg */,
				72AB73C02588354500F2A30C /* 630584a6ly8fqs5wwkkmrj20ku0kuta7.jpg */,
				72AB73C12588354500F2A30C /* d0c21786ly1gavj2cowp9j20c8083ab4.jpg */,
				72AB73C22588354500F2A30C /* 9dc7402fgy1gavd367p0pj20j60nywic.jpg */,
				72AB73C32588354500F2A30C /* 006gWxMEly1gavap86qr9j30ht0qo40t.jpg */,
				72AB73C42588354500F2A30C /* 76297935ly1gatz8k5itij22c02c01ky.jpg */,
				72AB73C52588354500F2A30C /* 76297935ly1gatz8g5rvxj22c03401kz.jpg */,
				72AB73C62588354500F2A30C /* 700a34f6gy1gaunsxhp4pj20j60pkn1k.jpg */,
				72AB73C72588354500F2A30C /* eb5c94aegy1gav2509cp5j20zk0k0n2j.jpg */,
				72AB73C82588354500F2A30C /* 4e7f0c83gy1gam2mn58d3j22tc240qv5.jpg */,
				72AB73C92588354500F2A30C /* eb5c94aegy1gav26fycwlj20zk1h8drh.jpg */,
				72AB73CA2588354500F2A30C /* 630584a6gy1gau54zyj61j20m80etn07.jpg */,
				72AB73CB2588354500F2A30C /* c5aa834fgy1gauzr8ok78j20tz12fk8w.jpg */,
				72AB73CC2588354500F2A30C /* 76297935ly8g4phfkq68hj20u00u0mzt.jpg */,
				72AB73CD2588354500F2A30C /* 9dc7402fgy1gavd37l9nwj20j60ny44q.jpg */,
				72AB73CE2588354500F2A30C /* 700a34f6gy1gaunswwui7j20j60pl78e.jpg */,
				72AB73CF2588354500F2A30C /* 630584a6gy1gau54zgaxhj20m80et0vq.jpg */,
				72AB73D02588354500F2A30C /* 4e7f0c83gy1gam2mjhk8zj21hc0v6wnx.jpg */,
				72AB73D12588354500F2A30C /* 6ec3b446gy1gavd4xud8lj20j60qkwj0.jpg */,
				72AB73D22588354500F2A30C /* 4e7f0c83ly8g1ho507078j20ro0rojtq.jpg */,
				72AB73D32588354500F2A30C /* bca7fdafly1gax1gqdhouj20c80axaam.jpg */,
				72AB73D42588354500F2A30C /* 6ec3b446gy1gavd523embj20j60pytd6.jpg */,
				72AB73D52588354500F2A30C /* 005tnxzUly8gab4i2r73xj30u00u0js8.jpg */,
			);
			path = Resources;
			sourceTree = "<group>";
		};
/* End PBXGroup section */

/* Begin PBXNativeTarget section */
		7276FA872588241600D18BBF /* WeiboDemo */ = {
			isa = PBXNativeTarget;
			buildConfigurationList = 7276FA9C2588241A00D18BBF /* Build configuration list for PBXNativeTarget "WeiboDemo" */;
			buildPhases = (
				7276FA842588241600D18BBF /* Sources */,
				7276FA852588241600D18BBF /* Frameworks */,
				7276FA862588241600D18BBF /* Resources */,
			);
			buildRules = (
			);
			dependencies = (
			);
			name = WeiboDemo;
			productName = WeiboDemo;
			productReference = 7276FA882588241600D18BBF /* WeiboDemo.app */;
			productType = "com.apple.product-type.application";
		};
/* End PBXNativeTarget section */

/* Begin PBXProject section */
		7276FA802588241600D18BBF /* Project object */ = {
			isa = PBXProject;
			attributes = {
				LastSwiftUpdateCheck = 1200;
				LastUpgradeCheck = 1200;
				TargetAttributes = {
					7276FA872588241600D18BBF = {
						CreatedOnToolsVersion = 12.0;
					};
				};
			};
			buildConfigurationList = 7276FA832588241600D18BBF /* Build configuration list for PBXProject "WeiboDemo" */;
			compatibilityVersion = "Xcode 9.3";
			developmentRegion = en;
			hasScannedForEncodings = 0;
			knownRegions = (
				en,
				Base,
			);
			mainGroup = 7276FA7F2588241600D18BBF;
			productRefGroup = 7276FA892588241600D18BBF /* Products */;
			projectDirPath = "";
			projectRoot = "";
			targets = (
				7276FA872588241600D18BBF /* WeiboDemo */,
			);
		};
/* End PBXProject section */

/* Begin PBXResourcesBuildPhase section */
		7276FA862588241600D18BBF /* Resources */ = {
			isa = PBXResourcesBuildPhase;
			buildActionMask = 2147483647;
			files = (
				72AB73D82588354500F2A30C /* 6ec3b446jw1e8qgp5bmzyj2050050aa8.jpg in Resources */,
				72AB740B2588354500F2A30C /* 6a2afec3jw8fb4ld0qf2gj20e80dsdfz.jpg in Resources */,
				72AB741A2588354500F2A30C /* eb5c94aegy1gav2509cp5j20zk0k0n2j.jpg in Resources */,
				72AB741B2588354500F2A30C /* 4e7f0c83gy1gam2mn58d3j22tc240qv5.jpg in Resources */,
				72AB73E72588354500F2A30C /* 4e7f0c83gy1gam2mp0x4pj22tc240u0x.jpg in Resources */,
				72AB74272588354500F2A30C /* 6ec3b446gy1gavd523embj20j60pytd6.jpg in Resources */,
				72AB73F42588354500F2A30C /* 8a0b5544gy1gauy2gmkg9j20u00gegnp.jpg in Resources */,
				72AB73EA2588354500F2A30C /* 8a0b5544gy1gauy2ex786j20u0129aed.jpg in Resources */,
				72AB74052588354500F2A30C /* bca7fdafly1gax1gqehdaj20c80atq3x.jpg in Resources */,
				72AB73FD2588354500F2A30C /* 7f9147a5ly1fzxlh6hzdnj20e90fl7me.jpg in Resources */,
				72AB73D92588354500F2A30C /* 8a0b5544jw1e8qgp5bmzyj2050050aa8.jpg in Resources */,
				72AB741D2588354500F2A30C /* 630584a6gy1gau54zyj61j20m80etn07.jpg in Resources */,
				72AB74012588354500F2A30C /* bca7fdafly1gax1gqfgsjj20c80axaay.jpg in Resources */,
				72AB73E62588354500F2A30C /* 6a2afec3gy1gaulykcejqj20t5145wns.jpg in Resources */,
				72AB74102588354500F2A30C /* d0c21786ly1gavj2btv6tj20c80790tg.jpg in Resources */,
				72AB74132588354500F2A30C /* 630584a6ly8fqs5wwkkmrj20ku0kuta7.jpg in Resources */,
				72AB73D62588354500F2A30C /* 8697cf1ely8gashxj3b09j20u00u040v.jpg in Resources */,
				72AB73EF2588354500F2A30C /* 006gWxMEly8g0bjpl3ynij30kv0kv773.jpg in Resources */,
				72AB73DE2588354500F2A30C /* 630584a6gy1gau54zl806j20m80etmzo.jpg in Resources */,
				72AB73FB2588354500F2A30C /* bca7fdafly1gax1gqdnboj20c80atmxp.jpg in Resources */,
				72AB740F2588354500F2A30C /* 006PdkDogy1gap6ngiyn3j30u011idle.jpg in Resources */,
				72AB73ED2588354500F2A30C /* bca7fdafgw1ekhkps65b1j2050050dg4.jpg in Resources */,
				72AB73E02588354500F2A30C /* 8a0b5544gy1gauy2flua6j20u00hitab.jpg in Resources */,
				72AB74282588354500F2A30C /* 005tnxzUly8gab4i2r73xj30u00u0js8.jpg in Resources */,
				72AB74022588354500F2A30C /* c5aa834fly8g97m8ix9lcj20re0regnk.jpg in Resources */,
				72AB73DD2588354500F2A30C /* 006gWxMEly1gavap8dywoj30hs0bwq48.jpg in Resources */,
				72AB73F52588354500F2A30C /* 006gWxMEly1gavap8vsqaj30hs0bwgm6.jpg in Resources */,
				72AB74192588354500F2A30C /* 700a34f6gy1gaunsxhp4pj20j60pkn1k.jpg in Resources */,
				72AB73E82588354500F2A30C /* c5aa834fgy1gauzrb7s5ej20tz13qh5x.jpg in Resources */,
				72AB73DF2588354500F2A30C /* 9dc7402fgy1gavd38wwlrj20j60nyq6y.jpg in Resources */,
				72AB73D72588354500F2A30C /* d0c21786ly1gavj2c0kcej20c8096dh7.jpg in Resources */,
				72AB74182588354500F2A30C /* 76297935ly1gatz8g5rvxj22c03401kz.jpg in Resources */,
				72AB74082588354500F2A30C /* 006PdkDogy1gap6ngj12ej30u011itf7.jpg in Resources */,
				72AB73DB2588354500F2A30C /* 9dc7402fjw1e8qgp5bmzyj2050050aa8.jpg in Resources */,
				72AB74112588354500F2A30C /* PostListData_hot_1.json in Resources */,
				72AB74062588354500F2A30C /* d0c21786ly1gavj2d17d9j20c808zq3r.jpg in Resources */,
				72AB74142588354500F2A30C /* d0c21786ly1gavj2cowp9j20c8083ab4.jpg in Resources */,
				72AB73F62588354500F2A30C /* 648ed25bjw8est9nqrtnij20500503yr.jpg in Resources */,
				7276FA982588241A00D18BBF /* LaunchScreen.storyboard in Resources */,
				72AB73FA2588354500F2A30C /* 700a34f6gy1gaunsxgzixj20j60edmz8.jpg in Resources */,
				72AB74162588354500F2A30C /* 006gWxMEly1gavap86qr9j30ht0qo40t.jpg in Resources */,
				72AB73F22588354500F2A30C /* 4e7f0c83gy1gam2ml6nucj22tc240kjl.jpg in Resources */,
				72AB740D2588354500F2A30C /* 8a0b5544gy1gauy2hcozsj20u01czdiy.jpg in Resources */,
				72AB74242588354500F2A30C /* 6ec3b446gy1gavd4xud8lj20j60qkwj0.jpg in Resources */,
				72AB74092588354500F2A30C /* 700a34f6gy1gaunsx2jywj20j60pkaeu.jpg in Resources */,
				72AB73EC2588354500F2A30C /* 700a34f6gy1gaunswy5qnj20j60pkadk.jpg in Resources */,
				7276FA952588241A00D18BBF /* Preview Assets.xcassets in Resources */,
				72AB74172588354500F2A30C /* 76297935ly1gatz8k5itij22c02c01ky.jpg in Resources */,
				72AB74152588354500F2A30C /* 9dc7402fgy1gavd367p0pj20j60nywic.jpg in Resources */,
				72AB74222588354500F2A30C /* 630584a6gy1gau54zgaxhj20m80et0vq.jpg in Resources */,
				72AB74252588354500F2A30C /* 4e7f0c83ly8g1ho507078j20ro0rojtq.jpg in Resources */,
				72AB740C2588354500F2A30C /* bca7fdafly1gax1gqd9vmj20c80ayaam.jpg in Resources */,
				72AB73E22588354500F2A30C /* 7f9147a5ly1fzxlgxgzpij20e90fltsj.jpg in Resources */,
				72AB740E2588354500F2A30C /* c5aa834fgy1gauzr95r6fj20tw0l3dq4.jpg in Resources */,
				72AB73E32588354500F2A30C /* 76297935ly1gatz8obqvkj22c0340npe.jpg in Resources */,
				72AB74032588354500F2A30C /* 700a34f6ly8g9a29rjt92j20fn0iqdg8.jpg in Resources */,
				72AB73F02588354500F2A30C /* 6ec3b446gy1gavd51jc4lj20j60pmwhl.jpg in Resources */,
				72AB741C2588354500F2A30C /* eb5c94aegy1gav26fycwlj20zk1h8drh.jpg in Resources */,
				72AB73E92588354500F2A30C /* 700a34f6gy1gaunswxtlrj20j60pkgok.jpg in Resources */,
				72AB74122588354500F2A30C /* eb5c94aely8fmvumnl9baj20v90v9q49.jpg in Resources */,
				72AB740A2588354500F2A30C /* 4e7f0c83gy1gam2mr1b81j22tc2407wi.jpg in Resources */,
				7276FA922588241A00D18BBF /* Assets.xcassets in Resources */,
				72AB73F32588354500F2A30C /* 4e7f0c83gy1gam2misv31j21hc0u016k.jpg in Resources */,
				72AB741E2588354500F2A30C /* c5aa834fgy1gauzr8ok78j20tz12fk8w.jpg in Resources */,
				72AB74042588354500F2A30C /* d0c21786ly1gavj2cdrkyj20c80720tg.jpg in Resources */,
				72AB73DC2588354500F2A30C /* eb5c94aegy1gav25n5ibjj20zk1h8wuu.jpg in Resources */,
				72AB74232588354500F2A30C /* 4e7f0c83gy1gam2mjhk8zj21hc0v6wnx.jpg in Resources */,
				72AB74202588354500F2A30C /* 9dc7402fgy1gavd37l9nwj20j60ny44q.jpg in Resources */,
				72AB73DA2588354500F2A30C /* bca7fdafly1gax1gqdg6qj20c80avdgl.jpg in Resources */,
				72AB741F2588354500F2A30C /* 76297935ly8g4phfkq68hj20u00u0mzt.jpg in Resources */,
				72AB73FC2588354500F2A30C /* c5aa834fgy1gauzr6venkj20u01hc12f.jpg in Resources */,
				72AB73F72588354500F2A30C /* eb5c94aegy1gav25ox6dvj20u00k1go9.jpg in Resources */,
				72AB74212588354500F2A30C /* 700a34f6gy1gaunswwui7j20j60pl78e.jpg in Resources */,
				72AB73F12588354500F2A30C /* 006gWxMEly1gavap88gttj30hs0a0dgf.jpg in Resources */,
				72AB73E52588354500F2A30C /* 9dc7402fgy1gavd38kqjtj20j60nyn1d.jpg in Resources */,
				72AB73F82588354500F2A30C /* 8a0b5544gy1gauy2g35yoj20u00fomzf.jpg in Resources */,
				72AB73F92588354500F2A30C /* 006PdkDoly8ffywe2fq39j304g04gwed.jpg in Resources */,
				72AB73E42588354500F2A30C /* d0c21786ly8fsax1ftiifj20ro0ro43g.jpg in Resources */,
				72AB73EB2588354500F2A30C /* 76297935ly1gatz89dzblj23402c0qv6.jpg in Resources */,
				72AB74072588354500F2A30C /* 8a0b5544gy1gauy2gz000j20u00n6wgj.jpg in Resources */,
				72AB73FE2588354500F2A30C /* 630584a6gy1gau54zm4dtj20m80dftbv.jpg in Resources */,
				72AB74262588354500F2A30C /* bca7fdafly1gax1gqdhouj20c80axaam.jpg in Resources */,
				72AB74002588354500F2A30C /* 9dc7402fgy1gavd39ba15j20j60nywii.jpg in Resources */,
				72AB73FF2588354500F2A30C /* c5aa834fgy1gauzr86bp5j20pb0w47in.jpg in Resources */,
				72AB73EE2588354500F2A30C /* PostListData_recommend_1.json in Resources */,
				72AB73E12588354500F2A30C /* 7f9147a5ly1fzxlh4ovuej20e90fl4fo.jpg in Resources */,
			);
			runOnlyForDeploymentPostprocessing = 0;
		};
/* End PBXResourcesBuildPhase section */

/* Begin PBXSourcesBuildPhase section */
		7276FA842588241600D18BBF /* Sources */ = {
			isa = PBXSourcesBuildPhase;
			buildActionMask = 2147483647;
			files = (
				72578123258ACF24003455A1 /* UserData.swift in Sources */,
				7276FA8C2588241600D18BBF /* AppDelegate.swift in Sources */,
				72557EF12589C23000DEC14C /* PostDetailView.swift in Sources */,
				7276FA8E2588241600D18BBF /* SceneDelegate.swift in Sources */,
				72557EEB258989D100DEC14C /* PostListView.swift in Sources */,
				7276FA902588241600D18BBF /* ContentView.swift in Sources */,
				72557EE82589851C00DEC14C /* PostCellToolbarButton.swift in Sources */,
				72557EE525888CE200DEC14C /* Post.swift in Sources */,
				7257811D258AB0CE003455A1 /* HomeNavigationBar.swift in Sources */,
				72AB73802588279200F2A30C /* PostCell.swift in Sources */,
				72578120258ACB41003455A1 /* HomeView.swift in Sources */,
				72557EEE2589B82300DEC14C /* PostImageCell.swift in Sources */,
				72AB742B258838B500F2A30C /* PostVIPBadge.swift in Sources */,
			);
			runOnlyForDeploymentPostprocessing = 0;
		};
/* End PBXSourcesBuildPhase section */

/* Begin PBXVariantGroup section */
		7276FA962588241A00D18BBF /* LaunchScreen.storyboard */ = {
			isa = PBXVariantGroup;
			children = (
				7276FA972588241A00D18BBF /* Base */,
			);
			name = LaunchScreen.storyboard;
			sourceTree = "<group>";
		};
/* End PBXVariantGroup section */

/* Begin XCBuildConfiguration section */
		7276FA9A2588241A00D18BBF /* Debug */ = {
			isa = XCBuildConfiguration;
			buildSettings = {
				ALWAYS_SEARCH_USER_PATHS = NO;
				CLANG_ANALYZER_NONNULL = YES;
				CLANG_ANALYZER_NUMBER_OBJECT_CONVERSION = YES_AGGRESSIVE;
				CLANG_CXX_LANGUAGE_STANDARD = "gnu++14";
				CLANG_CXX_LIBRARY = "libc++";
				CLANG_ENABLE_MODULES = YES;
				CLANG_ENABLE_OBJC_ARC = YES;
				CLANG_ENABLE_OBJC_WEAK = YES;
				CLANG_WARN_BLOCK_CAPTURE_AUTORELEASING = YES;
				CLANG_WARN_BOOL_CONVERSION = YES;
				CLANG_WARN_COMMA = YES;
				CLANG_WARN_CONSTANT_CONVERSION = YES;
				CLANG_WARN_DEPRECATED_OBJC_IMPLEMENTATIONS = YES;
				CLANG_WARN_DIRECT_OBJC_ISA_USAGE = YES_ERROR;
				CLANG_WARN_DOCUMENTATION_COMMENTS = YES;
				CLANG_WARN_EMPTY_BODY = YES;
				CLANG_WARN_ENUM_CONVERSION = YES;
				CLANG_WARN_INFINITE_RECURSION = YES;
				CLANG_WARN_INT_CONVERSION = YES;
				CLANG_WARN_NON_LITERAL_NULL_CONVERSION = YES;
				CLANG_WARN_OBJC_IMPLICIT_RETAIN_SELF = YES;
				CLANG_WARN_OBJC_LITERAL_CONVERSION = YES;
				CLANG_WARN_OBJC_ROOT_CLASS = YES_ERROR;
				CLANG_WARN_QUOTED_INCLUDE_IN_FRAMEWORK_HEADER = YES;
				CLANG_WARN_RANGE_LOOP_ANALYSIS = YES;
				CLANG_WARN_STRICT_PROTOTYPES = YES;
				CLANG_WARN_SUSPICIOUS_MOVE = YES;
				CLANG_WARN_UNGUARDED_AVAILABILITY = YES_AGGRESSIVE;
				CLANG_WARN_UNREACHABLE_CODE = YES;
				CLANG_WARN__DUPLICATE_METHOD_MATCH = YES;
				COPY_PHASE_STRIP = NO;
				DEBUG_INFORMATION_FORMAT = dwarf;
				ENABLE_STRICT_OBJC_MSGSEND = YES;
				ENABLE_TESTABILITY = YES;
				GCC_C_LANGUAGE_STANDARD = gnu11;
				GCC_DYNAMIC_NO_PIC = NO;
				GCC_NO_COMMON_BLOCKS = YES;
				GCC_OPTIMIZATION_LEVEL = 0;
				GCC_PREPROCESSOR_DEFINITIONS = (
					"DEBUG=1",
					"$(inherited)",
				);
				GCC_WARN_64_TO_32_BIT_CONVERSION = YES;
				GCC_WARN_ABOUT_RETURN_TYPE = YES_ERROR;
				GCC_WARN_UNDECLARED_SELECTOR = YES;
				GCC_WARN_UNINITIALIZED_AUTOS = YES_AGGRESSIVE;
				GCC_WARN_UNUSED_FUNCTION = YES;
				GCC_WARN_UNUSED_VARIABLE = YES;
				IPHONEOS_DEPLOYMENT_TARGET = 14.0;
				MTL_ENABLE_DEBUG_INFO = INCLUDE_SOURCE;
				MTL_FAST_MATH = YES;
				ONLY_ACTIVE_ARCH = YES;
				SDKROOT = iphoneos;
				SWIFT_ACTIVE_COMPILATION_CONDITIONS = DEBUG;
				SWIFT_OPTIMIZATION_LEVEL = "-Onone";
			};
			name = Debug;
		};
		7276FA9B2588241A00D18BBF /* Release */ = {
			isa = XCBuildConfiguration;
			buildSettings = {
				ALWAYS_SEARCH_USER_PATHS = NO;
				CLANG_ANALYZER_NONNULL = YES;
				CLANG_ANALYZER_NUMBER_OBJECT_CONVERSION = YES_AGGRESSIVE;
				CLANG_CXX_LANGUAGE_STANDARD = "gnu++14";
				CLANG_CXX_LIBRARY = "libc++";
				CLANG_ENABLE_MODULES = YES;
				CLANG_ENABLE_OBJC_ARC = YES;
				CLANG_ENABLE_OBJC_WEAK = YES;
				CLANG_WARN_BLOCK_CAPTURE_AUTORELEASING = YES;
				CLANG_WARN_BOOL_CONVERSION = YES;
				CLANG_WARN_COMMA = YES;
				CLANG_WARN_CONSTANT_CONVERSION = YES;
				CLANG_WARN_DEPRECATED_OBJC_IMPLEMENTATIONS = YES;
				CLANG_WARN_DIRECT_OBJC_ISA_USAGE = YES_ERROR;
				CLANG_WARN_DOCUMENTATION_COMMENTS = YES;
				CLANG_WARN_EMPTY_BODY = YES;
				CLANG_WARN_ENUM_CONVERSION = YES;
				CLANG_WARN_INFINITE_RECURSION = YES;
				CLANG_WARN_INT_CONVERSION = YES;
				CLANG_WARN_NON_LITERAL_NULL_CONVERSION = YES;
				CLANG_WARN_OBJC_IMPLICIT_RETAIN_SELF = YES;
				CLANG_WARN_OBJC_LITERAL_CONVERSION = YES;
				CLANG_WARN_OBJC_ROOT_CLASS = YES_ERROR;
				CLANG_WARN_QUOTED_INCLUDE_IN_FRAMEWORK_HEADER = YES;
				CLANG_WARN_RANGE_LOOP_ANALYSIS = YES;
				CLANG_WARN_STRICT_PROTOTYPES = YES;
				CLANG_WARN_SUSPICIOUS_MOVE = YES;
				CLANG_WARN_UNGUARDED_AVAILABILITY = YES_AGGRESSIVE;
				CLANG_WARN_UNREACHABLE_CODE = YES;
				CLANG_WARN__DUPLICATE_METHOD_MATCH = YES;
				COPY_PHASE_STRIP = NO;
				DEBUG_INFORMATION_FORMAT = "dwarf-with-dsym";
				ENABLE_NS_ASSERTIONS = NO;
				ENABLE_STRICT_OBJC_MSGSEND = YES;
				GCC_C_LANGUAGE_STANDARD = gnu11;
				GCC_NO_COMMON_BLOCKS = YES;
				GCC_WARN_64_TO_32_BIT_CONVERSION = YES;
				GCC_WARN_ABOUT_RETURN_TYPE = YES_ERROR;
				GCC_WARN_UNDECLARED_SELECTOR = YES;
				GCC_WARN_UNINITIALIZED_AUTOS = YES_AGGRESSIVE;
				GCC_WARN_UNUSED_FUNCTION = YES;
				GCC_WARN_UNUSED_VARIABLE = YES;
				IPHONEOS_DEPLOYMENT_TARGET = 14.0;
				MTL_ENABLE_DEBUG_INFO = NO;
				MTL_FAST_MATH = YES;
				SDKROOT = iphoneos;
				SWIFT_COMPILATION_MODE = wholemodule;
				SWIFT_OPTIMIZATION_LEVEL = "-O";
				VALIDATE_PRODUCT = YES;
			};
			name = Release;
		};
		7276FA9D2588241A00D18BBF /* Debug */ = {
			isa = XCBuildConfiguration;
			buildSettings = {
				ASSETCATALOG_COMPILER_APPICON_NAME = AppIcon;
				ASSETCATALOG_COMPILER_GLOBAL_ACCENT_COLOR_NAME = AccentColor;
				CODE_SIGN_STYLE = Automatic;
				DEVELOPMENT_ASSET_PATHS = "\"WeiboDemo/Preview Content\"";
				ENABLE_PREVIEWS = YES;
				INFOPLIST_FILE = WeiboDemo/Info.plist;
				LD_RUNPATH_SEARCH_PATHS = (
					"$(inherited)",
					"@executable_path/Frameworks",
				);
				PRODUCT_BUNDLE_IDENTIFIER = edu.northeastern.jingxinhao.WeiboDemo;
				PRODUCT_NAME = "$(TARGET_NAME)";
				SWIFT_VERSION = 5.0;
				TARGETED_DEVICE_FAMILY = "1,2";
			};
			name = Debug;
		};
		7276FA9E2588241A00D18BBF /* Release */ = {
			isa = XCBuildConfiguration;
			buildSettings = {
				ASSETCATALOG_COMPILER_APPICON_NAME = AppIcon;
				ASSETCATALOG_COMPILER_GLOBAL_ACCENT_COLOR_NAME = AccentColor;
				CODE_SIGN_STYLE = Automatic;
				DEVELOPMENT_ASSET_PATHS = "\"WeiboDemo/Preview Content\"";
				ENABLE_PREVIEWS = YES;
				INFOPLIST_FILE = WeiboDemo/Info.plist;
				LD_RUNPATH_SEARCH_PATHS = (
					"$(inherited)",
					"@executable_path/Frameworks",
				);
				PRODUCT_BUNDLE_IDENTIFIER = edu.northeastern.jingxinhao.WeiboDemo;
				PRODUCT_NAME = "$(TARGET_NAME)";
				SWIFT_VERSION = 5.0;
				TARGETED_DEVICE_FAMILY = "1,2";
			};
			name = Release;
		};
/* End XCBuildConfiguration section */

/* Begin XCConfigurationList section */
		7276FA832588241600D18BBF /* Build configuration list for PBXProject "WeiboDemo" */ = {
			isa = XCConfigurationList;
			buildConfigurations = (
				7276FA9A2588241A00D18BBF /* Debug */,
				7276FA9B2588241A00D18BBF /* Release */,
			);
			defaultConfigurationIsVisible = 0;
			defaultConfigurationName = Release;
		};
		7276FA9C2588241A00D18BBF /* Build configuration list for PBXNativeTarget "WeiboDemo" */ = {
			isa = XCConfigurationList;
			buildConfigurations = (
				7276FA9D2588241A00D18BBF /* Debug */,
				7276FA9E2588241A00D18BBF /* Release */,
			);
			defaultConfigurationIsVisible = 0;
			defaultConfigurationName = Release;
		};
/* End XCConfigurationList section */
	};
	rootObject = 7276FA802588241600D18BBF /* Project object */;
}
