// !$*UTF8*$!
{
	archiveVersion = 1;
	classes = {
	};
	objectVersion = 51;
	objects = {

/* Begin PBXBuildFile section */
		72F9A63A25639BD600C806AA /* AppDelegate.swift in Sources */ = {isa = PBXBuildFile; fileRef = 72F9A63925639BD600C806AA /* AppDelegate.swift */; };
		72F9A63C25639BD600C806AA /* SceneDelegate.swift in Sources */ = {isa = PBXBuildFile; fileRef = 72F9A63B25639BD600C806AA /* SceneDelegate.swift */; };
		72F9A63E25639BD600C806AA /* ViewController.swift in Sources */ = {isa = PBXBuildFile; fileRef = 72F9A63D25639BD600C806AA /* ViewController.swift */; };
		72F9A64125639BD600C806AA /* Main.storyboard in Resources */ = {isa = PBXBuildFile; fileRef = 72F9A63F25639BD600C806AA /* Main.storyboard */; };
		72F9A64325639BDB00C806AA /* Assets.xcassets in Resources */ = {isa = PBXBuildFile; fileRef = 72F9A64225639BDB00C806AA /* Assets.xcassets */; };
		72F9A64625639BDB00C806AA /* LaunchScreen.storyboard in Resources */ = {isa = PBXBuildFile; fileRef = 72F9A64425639BDB00C806AA /* LaunchScreen.storyboard */; };
		72F9A64F2563A0D200C806AA /* GoogleService-Info.plist in Resources */ = {isa = PBXBuildFile; fileRef = 72F9A64E2563A0CA00C806AA /* GoogleService-Info.plist */; };
		72F9A67C2563A69600C806AA /* Utilities.swift in Sources */ = {isa = PBXBuildFile; fileRef = 72F9A67B2563A69600C806AA /* Utilities.swift */; };
		72F9A67F2563AE4900C806AA /* DashboardViewController.swift in Sources */ = {isa = PBXBuildFile; fileRef = 72F9A67E2563AE4900C806AA /* DashboardViewController.swift */; };
		72F9A6822563B63300C806AA /* SignUpViewController.swift in Sources */ = {isa = PBXBuildFile; fileRef = 72F9A6812563B63300C806AA /* SignUpViewController.swift */; };
		7E6BE8851CAE32AB7C17BBCE /* Pods_LoginApp.framework in Frameworks */ = {isa = PBXBuildFile; fileRef = 3F1D74F3C9056F7FE9CE2BD4 /* Pods_LoginApp.framework */; };
/* End PBXBuildFile section */

/* Begin PBXFileReference section */
		10291C43CA61E5DDE38A2766 /* Pods-LoginApp.debug.xcconfig */ = {isa = PBXFileReference; includeInIndex = 1; lastKnownFileType = text.xcconfig; name = "Pods-LoginApp.debug.xcconfig"; path = "Target Support Files/Pods-LoginApp/Pods-LoginApp.debug.xcconfig"; sourceTree = "<group>"; };
		161D21BE78A3BEE89035E23E /* Pods-LoginApp.release.xcconfig */ = {isa = PBXFileReference; includeInIndex = 1; lastKnownFileType = text.xcconfig; name = "Pods-LoginApp.release.xcconfig"; path = "Target Support Files/Pods-LoginApp/Pods-LoginApp.release.xcconfig"; sourceTree = "<group>"; };
		3F1D74F3C9056F7FE9CE2BD4 /* Pods_LoginApp.framework */ = {isa = PBXFileReference; explicitFileType = wrapper.framework; includeInIndex = 0; path = Pods_LoginApp.framework; sourceTree = BUILT_PRODUCTS_DIR; };
		72F9A63625639BD600C806AA /* LoginApp.app */ = {isa = PBXFileReference; explicitFileType = wrapper.application; includeInIndex = 0; path = LoginApp.app; sourceTree = BUILT_PRODUCTS_DIR; };
		72F9A63925639BD600C806AA /* AppDelegate.swift */ = {isa = PBXFileReference; lastKnownFileType = sourcecode.swift; path = AppDelegate.swift; sourceTree = "<group>"; };
		72F9A63B25639BD600C806AA /* SceneDelegate.swift */ = {isa = PBXFileReference; lastKnownFileType = sourcecode.swift; path = SceneDelegate.swift; sourceTree = "<group>"; };
		72F9A63D25639BD600C806AA /* ViewController.swift */ = {isa = PBXFileReference; lastKnownFileType = sourcecode.swift; path = ViewController.swift; sourceTree = "<group>"; };
		72F9A64025639BD600C806AA /* Base */ = {isa = PBXFileReference; lastKnownFileType = file.storyboard; name = Base; path = Base.lproj/Main.storyboard; sourceTree = "<group>"; };
		72F9A64225639BDB00C806AA /* Assets.xcassets */ = {isa = PBXFileReference; lastKnownFileType = folder.assetcatalog; path = Assets.xcassets; sourceTree = "<group>"; };
		72F9A64525639BDB00C806AA /* Base */ = {isa = PBXFileReference; lastKnownFileType = file.storyboard; name = Base; path = Base.lproj/LaunchScreen.storyboard; sourceTree = "<group>"; };
		72F9A64725639BDB00C806AA /* Info.plist */ = {isa = PBXFileReference; lastKnownFileType = text.plist.xml; path = Info.plist; sourceTree = "<group>"; };
		72F9A64E2563A0CA00C806AA /* GoogleService-Info.plist */ = {isa = PBXFileReference; lastKnownFileType = text.plist.xml; path = "GoogleService-Info.plist"; sourceTree = "<group>"; };
		72F9A67B2563A69600C806AA /* Utilities.swift */ = {isa = PBXFileReference; lastKnownFileType = sourcecode.swift; path = Utilities.swift; sourceTree = "<group>"; };
		72F9A67E2563AE4900C806AA /* DashboardViewController.swift */ = {isa = PBXFileReference; lastKnownFileType = sourcecode.swift; path = DashboardViewController.swift; sourceTree = "<group>"; };
		72F9A6812563B63300C806AA /* SignUpViewController.swift */ = {isa = PBXFileReference; lastKnownFileType = sourcecode.swift; path = SignUpViewController.swift; sourceTree = "<group>"; };
/* End PBXFileReference section */

/* Begin PBXFrameworksBuildPhase section */
		72F9A63325639BD600C806AA /* Frameworks */ = {
			isa = PBXFrameworksBuildPhase;
			buildActionMask = 2147483647;
			files = (
				7E6BE8851CAE32AB7C17BBCE /* Pods_LoginApp.framework in Frameworks */,
			);
			runOnlyForDeploymentPostprocessing = 0;
		};
/* End PBXFrameworksBuildPhase section */

/* Begin PBXGroup section */
		12E9F55A05E12E468A217EF4 /* Pods */ = {
			isa = PBXGroup;
			children = (
				10291C43CA61E5DDE38A2766 /* Pods-LoginApp.debug.xcconfig */,
				161D21BE78A3BEE89035E23E /* Pods-LoginApp.release.xcconfig */,
			);
			path = Pods;
			sourceTree = "<group>";
		};
		72F9A62D25639BD600C806AA = {
			isa = PBXGroup;
			children = (
				72F9A63825639BD600C806AA /* LoginApp */,
				72F9A63725639BD600C806AA /* Products */,
				12E9F55A05E12E468A217EF4 /* Pods */,
				76E6A7CAF27C02CEC2BCAEA8 /* Frameworks */,
			);
			sourceTree = "<group>";
		};
		72F9A63725639BD600C806AA /* Products */ = {
			isa = PBXGroup;
			children = (
				72F9A63625639BD600C806AA /* LoginApp.app */,
			);
			name = Products;
			sourceTree = "<group>";
		};
		72F9A63825639BD600C806AA /* LoginApp */ = {
			isa = PBXGroup;
			children = (
				72F9A6712563A40C00C806AA /* Utilities */,
				72F9A63925639BD600C806AA /* AppDelegate.swift */,
				72F9A63B25639BD600C806AA /* SceneDelegate.swift */,
				72F9A63D25639BD600C806AA /* ViewController.swift */,
				72F9A63F25639BD600C806AA /* Main.storyboard */,
				72F9A64225639BDB00C806AA /* Assets.xcassets */,
				72F9A64425639BDB00C806AA /* LaunchScreen.storyboard */,
				72F9A64E2563A0CA00C806AA /* GoogleService-Info.plist */,
				72F9A64725639BDB00C806AA /* Info.plist */,
				72F9A67E2563AE4900C806AA /* DashboardViewController.swift */,
				72F9A6812563B63300C806AA /* SignUpViewController.swift */,
			);
			path = LoginApp;
			sourceTree = "<group>";
		};
		72F9A6712563A40C00C806AA /* Utilities */ = {
			isa = PBXGroup;
			children = (
				72F9A67B2563A69600C806AA /* Utilities.swift */,
			);
			path = Utilities;
			sourceTree = "<group>";
		};
		76E6A7CAF27C02CEC2BCAEA8 /* Frameworks */ = {
			isa = PBXGroup;
			children = (
				3F1D74F3C9056F7FE9CE2BD4 /* Pods_LoginApp.framework */,
			);
			name = Frameworks;
			sourceTree = "<group>";
		};
/* End PBXGroup section */

/* Begin PBXNativeTarget section */
		72F9A63525639BD600C806AA /* LoginApp */ = {
			isa = PBXNativeTarget;
			buildConfigurationList = 72F9A64A25639BDB00C806AA /* Build configuration list for PBXNativeTarget "LoginApp" */;
			buildPhases = (
				BFF1A954B641ED279C2B589C /* [CP] Check Pods Manifest.lock */,
				72F9A63225639BD600C806AA /* Sources */,
				72F9A63325639BD600C806AA /* Frameworks */,
				72F9A63425639BD600C806AA /* Resources */,
				C696F606225DF692A99B21BE /* [CP] Embed Pods Frameworks */,
			);
			buildRules = (
			);
			dependencies = (
			);
			name = LoginApp;
			productName = LoginApp;
			productReference = 72F9A63625639BD600C806AA /* LoginApp.app */;
			productType = "com.apple.product-type.application";
		};
/* End PBXNativeTarget section */

/* Begin PBXProject section */
		72F9A62E25639BD600C806AA /* Project object */ = {
			isa = PBXProject;
			attributes = {
				LastSwiftUpdateCheck = 1200;
				LastUpgradeCheck = 1200;
				TargetAttributes = {
					72F9A63525639BD600C806AA = {
						CreatedOnToolsVersion = 12.0;
					};
				};
			};
			buildConfigurationList = 72F9A63125639BD600C806AA /* Build configuration list for PBXProject "LoginApp" */;
			compatibilityVersion = "Xcode 9.3";
			developmentRegion = en;
			hasScannedForEncodings = 0;
			knownRegions = (
				en,
				Base,
			);
			mainGroup = 72F9A62D25639BD600C806AA;
			productRefGroup = 72F9A63725639BD600C806AA /* Products */;
			projectDirPath = "";
			projectRoot = "";
			targets = (
				72F9A63525639BD600C806AA /* LoginApp */,
			);
		};
/* End PBXProject section */

/* Begin PBXResourcesBuildPhase section */
		72F9A63425639BD600C806AA /* Resources */ = {
			isa = PBXResourcesBuildPhase;
			buildActionMask = 2147483647;
			files = (
				72F9A64625639BDB00C806AA /* LaunchScreen.storyboard in Resources */,
				72F9A64F2563A0D200C806AA /* GoogleService-Info.plist in Resources */,
				72F9A64325639BDB00C806AA /* Assets.xcassets in Resources */,
				72F9A64125639BD600C806AA /* Main.storyboard in Resources */,
			);
			runOnlyForDeploymentPostprocessing = 0;
		};
/* End PBXResourcesBuildPhase section */

/* Begin PBXShellScriptBuildPhase section */
		BFF1A954B641ED279C2B589C /* [CP] Check Pods Manifest.lock */ = {
			isa = PBXShellScriptBuildPhase;
			buildActionMask = 2147483647;
			files = (
			);
			inputFileListPaths = (
			);
			inputPaths = (
				"${PODS_PODFILE_DIR_PATH}/Podfile.lock",
				"${PODS_ROOT}/Manifest.lock",
			);
			name = "[CP] Check Pods Manifest.lock";
			outputFileListPaths = (
			);
			outputPaths = (
				"$(DERIVED_FILE_DIR)/Pods-LoginApp-checkManifestLockResult.txt",
			);
			runOnlyForDeploymentPostprocessing = 0;
			shellPath = /bin/sh;
			shellScript = "diff \"${PODS_PODFILE_DIR_PATH}/Podfile.lock\" \"${PODS_ROOT}/Manifest.lock\" > /dev/null\nif [ $? != 0 ] ; then\n    # print error to STDERR\n    echo \"error: The sandbox is not in sync with the Podfile.lock. Run 'pod install' or update your CocoaPods installation.\" >&2\n    exit 1\nfi\n# This output is used by Xcode 'outputs' to avoid re-running this script phase.\necho \"SUCCESS\" > \"${SCRIPT_OUTPUT_FILE_0}\"\n";
			showEnvVarsInLog = 0;
		};
		C696F606225DF692A99B21BE /* [CP] Embed Pods Frameworks */ = {
			isa = PBXShellScriptBuildPhase;
			buildActionMask = 2147483647;
			files = (
			);
			inputFileListPaths = (
				"${PODS_ROOT}/Target Support Files/Pods-LoginApp/Pods-LoginApp-frameworks-${CONFIGURATION}-input-files.xcfilelist",
			);
			name = "[CP] Embed Pods Frameworks";
			outputFileListPaths = (
				"${PODS_ROOT}/Target Support Files/Pods-LoginApp/Pods-LoginApp-frameworks-${CONFIGURATION}-output-files.xcfilelist",
			);
			runOnlyForDeploymentPostprocessing = 0;
			shellPath = /bin/sh;
			shellScript = "\"${PODS_ROOT}/Target Support Files/Pods-LoginApp/Pods-LoginApp-frameworks.sh\"\n";
			showEnvVarsInLog = 0;
		};
/* End PBXShellScriptBuildPhase section */

/* Begin PBXSourcesBuildPhase section */
		72F9A63225639BD600C806AA /* Sources */ = {
			isa = PBXSourcesBuildPhase;
			buildActionMask = 2147483647;
			files = (
				72F9A6822563B63300C806AA /* SignUpViewController.swift in Sources */,
				72F9A63E25639BD600C806AA /* ViewController.swift in Sources */,
				72F9A63A25639BD600C806AA /* AppDelegate.swift in Sources */,
				72F9A67F2563AE4900C806AA /* DashboardViewController.swift in Sources */,
				72F9A67C2563A69600C806AA /* Utilities.swift in Sources */,
				72F9A63C25639BD600C806AA /* SceneDelegate.swift in Sources */,
			);
			runOnlyForDeploymentPostprocessing = 0;
		};
/* End PBXSourcesBuildPhase section */

/* Begin PBXVariantGroup section */
		72F9A63F25639BD600C806AA /* Main.storyboard */ = {
			isa = PBXVariantGroup;
			children = (
				72F9A64025639BD600C806AA /* Base */,
			);
			name = Main.storyboard;
			sourceTree = "<group>";
		};
		72F9A64425639BDB00C806AA /* LaunchScreen.storyboard */ = {
			isa = PBXVariantGroup;
			children = (
				72F9A64525639BDB00C806AA /* Base */,
			);
			name = LaunchScreen.storyboard;
			sourceTree = "<group>";
		};
/* End PBXVariantGroup section */

/* Begin XCBuildConfiguration section */
		72F9A64825639BDB00C806AA /* Debug */ = {
			isa = XCBuildConfiguration;
			buildSettings = {
				ALWAYS_SEARCH_USER_PATHS = NO;
				CLANG_ANALYZER_NONNULL = YES;
				CLANG_ANALYZER_NUMBER_OBJECT_CONVERSION = YES_AGGRESSIVE;
				CLANG_CXX_LANGUAGE_STANDARD = "gnu++14";
				CLANG_CXX_LIBRARY = "libc++";
				CLANG_ENABLE_MODULES = YES;
				CLANG_ENABLE_OBJC_ARC = YES;
				CLANG_ENABLE_OBJC_WEAK = YES;
				CLANG_WARN_BLOCK_CAPTURE_AUTORELEASING = YES;
				CLANG_WARN_BOOL_CONVERSION = YES;
				CLANG_WARN_COMMA = YES;
				CLANG_WARN_CONSTANT_CONVERSION = YES;
				CLANG_WARN_DEPRECATED_OBJC_IMPLEMENTATIONS = YES;
				CLANG_WARN_DIRECT_OBJC_ISA_USAGE = YES_ERROR;
				CLANG_WARN_DOCUMENTATION_COMMENTS = YES;
				CLANG_WARN_EMPTY_BODY = YES;
				CLANG_WARN_ENUM_CONVERSION = YES;
				CLANG_WARN_INFINITE_RECURSION = YES;
				CLANG_WARN_INT_CONVERSION = YES;
				CLANG_WARN_NON_LITERAL_NULL_CONVERSION = YES;
				CLANG_WARN_OBJC_IMPLICIT_RETAIN_SELF = YES;
				CLANG_WARN_OBJC_LITERAL_CONVERSION = YES;
				CLANG_WARN_OBJC_ROOT_CLASS = YES_ERROR;
				CLANG_WARN_QUOTED_INCLUDE_IN_FRAMEWORK_HEADER = YES;
				CLANG_WARN_RANGE_LOOP_ANALYSIS = YES;
				CLANG_WARN_STRICT_PROTOTYPES = YES;
				CLANG_WARN_SUSPICIOUS_MOVE = YES;
				CLANG_WARN_UNGUARDED_AVAILABILITY = YES_AGGRESSIVE;
				CLANG_WARN_UNREACHABLE_CODE = YES;
				CLANG_WARN__DUPLICATE_METHOD_MATCH = YES;
				COPY_PHASE_STRIP = NO;
				DEBUG_INFORMATION_FORMAT = dwarf;
				ENABLE_STRICT_OBJC_MSGSEND = YES;
				ENABLE_TESTABILITY = YES;
				GCC_C_LANGUAGE_STANDARD = gnu11;
				GCC_DYNAMIC_NO_PIC = NO;
				GCC_NO_COMMON_BLOCKS = YES;
				GCC_OPTIMIZATION_LEVEL = 0;
				GCC_PREPROCESSOR_DEFINITIONS = (
					"DEBUG=1",
					"$(inherited)",
				);
				GCC_WARN_64_TO_32_BIT_CONVERSION = YES;
				GCC_WARN_ABOUT_RETURN_TYPE = YES_ERROR;
				GCC_WARN_UNDECLARED_SELECTOR = YES;
				GCC_WARN_UNINITIALIZED_AUTOS = YES_AGGRESSIVE;
				GCC_WARN_UNUSED_FUNCTION = YES;
				GCC_WARN_UNUSED_VARIABLE = YES;
				IPHONEOS_DEPLOYMENT_TARGET = 14.0;
				MTL_ENABLE_DEBUG_INFO = INCLUDE_SOURCE;
				MTL_FAST_MATH = YES;
				ONLY_ACTIVE_ARCH = YES;
				SDKROOT = iphoneos;
				SWIFT_ACTIVE_COMPILATION_CONDITIONS = DEBUG;
				SWIFT_OPTIMIZATION_LEVEL = "-Onone";
			};
			name = Debug;
		};
		72F9A64925639BDB00C806AA /* Release */ = {
			isa = XCBuildConfiguration;
			buildSettings = {
				ALWAYS_SEARCH_USER_PATHS = NO;
				CLANG_ANALYZER_NONNULL = YES;
				CLANG_ANALYZER_NUMBER_OBJECT_CONVERSION = YES_AGGRESSIVE;
				CLANG_CXX_LANGUAGE_STANDARD = "gnu++14";
				CLANG_CXX_LIBRARY = "libc++";
				CLANG_ENABLE_MODULES = YES;
				CLANG_ENABLE_OBJC_ARC = YES;
				CLANG_ENABLE_OBJC_WEAK = YES;
				CLANG_WARN_BLOCK_CAPTURE_AUTORELEASING = YES;
				CLANG_WARN_BOOL_CONVERSION = YES;
				CLANG_WARN_COMMA = YES;
				CLANG_WARN_CONSTANT_CONVERSION = YES;
				CLANG_WARN_DEPRECATED_OBJC_IMPLEMENTATIONS = YES;
				CLANG_WARN_DIRECT_OBJC_ISA_USAGE = YES_ERROR;
				CLANG_WARN_DOCUMENTATION_COMMENTS = YES;
				CLANG_WARN_EMPTY_BODY = YES;
				CLANG_WARN_ENUM_CONVERSION = YES;
				CLANG_WARN_INFINITE_RECURSION = YES;
				CLANG_WARN_INT_CONVERSION = YES;
				CLANG_WARN_NON_LITERAL_NULL_CONVERSION = YES;
				CLANG_WARN_OBJC_IMPLICIT_RETAIN_SELF = YES;
				CLANG_WARN_OBJC_LITERAL_CONVERSION = YES;
				CLANG_WARN_OBJC_ROOT_CLASS = YES_ERROR;
				CLANG_WARN_QUOTED_INCLUDE_IN_FRAMEWORK_HEADER = YES;
				CLANG_WARN_RANGE_LOOP_ANALYSIS = YES;
				CLANG_WARN_STRICT_PROTOTYPES = YES;
				CLANG_WARN_SUSPICIOUS_MOVE = YES;
				CLANG_WARN_UNGUARDED_AVAILABILITY = YES_AGGRESSIVE;
				CLANG_WARN_UNREACHABLE_CODE = YES;
				CLANG_WARN__DUPLICATE_METHOD_MATCH = YES;
				COPY_PHASE_STRIP = NO;
				DEBUG_INFORMATION_FORMAT = "dwarf-with-dsym";
				ENABLE_NS_ASSERTIONS = NO;
				ENABLE_STRICT_OBJC_MSGSEND = YES;
				GCC_C_LANGUAGE_STANDARD = gnu11;
				GCC_NO_COMMON_BLOCKS = YES;
				GCC_WARN_64_TO_32_BIT_CONVERSION = YES;
				GCC_WARN_ABOUT_RETURN_TYPE = YES_ERROR;
				GCC_WARN_UNDECLARED_SELECTOR = YES;
				GCC_WARN_UNINITIALIZED_AUTOS = YES_AGGRESSIVE;
				GCC_WARN_UNUSED_FUNCTION = YES;
				GCC_WARN_UNUSED_VARIABLE = YES;
				IPHONEOS_DEPLOYMENT_TARGET = 14.0;
				MTL_ENABLE_DEBUG_INFO = NO;
				MTL_FAST_MATH = YES;
				SDKROOT = iphoneos;
				SWIFT_COMPILATION_MODE = wholemodule;
				SWIFT_OPTIMIZATION_LEVEL = "-O";
				VALIDATE_PRODUCT = YES;
			};
			name = Release;
		};
		72F9A64B25639BDB00C806AA /* Debug */ = {
			isa = XCBuildConfiguration;
			baseConfigurationReference = 10291C43CA61E5DDE38A2766 /* Pods-LoginApp.debug.xcconfig */;
			buildSettings = {
				ASSETCATALOG_COMPILER_APPICON_NAME = AppIcon;
				ASSETCATALOG_COMPILER_GLOBAL_ACCENT_COLOR_NAME = AccentColor;
				CODE_SIGN_STYLE = Automatic;
				INFOPLIST_FILE = LoginApp/Info.plist;
				LD_RUNPATH_SEARCH_PATHS = (
					"$(inherited)",
					"@executable_path/Frameworks",
				);
				PRODUCT_BUNDLE_IDENTIFIER = edu.northeastern.jingxinhao.LoginApp;
				PRODUCT_NAME = "$(TARGET_NAME)";
				SWIFT_VERSION = 5.0;
				TARGETED_DEVICE_FAMILY = "1,2";
			};
			name = Debug;
		};
		72F9A64C25639BDB00C806AA /* Release */ = {
			isa = XCBuildConfiguration;
			baseConfigurationReference = 161D21BE78A3BEE89035E23E /* Pods-LoginApp.release.xcconfig */;
			buildSettings = {
				ASSETCATALOG_COMPILER_APPICON_NAME = AppIcon;
				ASSETCATALOG_COMPILER_GLOBAL_ACCENT_COLOR_NAME = AccentColor;
				CODE_SIGN_STYLE = Automatic;
				INFOPLIST_FILE = LoginApp/Info.plist;
				LD_RUNPATH_SEARCH_PATHS = (
					"$(inherited)",
					"@executable_path/Frameworks",
				);
				PRODUCT_BUNDLE_IDENTIFIER = edu.northeastern.jingxinhao.LoginApp;
				PRODUCT_NAME = "$(TARGET_NAME)";
				SWIFT_VERSION = 5.0;
				TARGETED_DEVICE_FAMILY = "1,2";
			};
			name = Release;
		};
/* End XCBuildConfiguration section */

/* Begin XCConfigurationList section */
		72F9A63125639BD600C806AA /* Build configuration list for PBXProject "LoginApp" */ = {
			isa = XCConfigurationList;
			buildConfigurations = (
				72F9A64825639BDB00C806AA /* Debug */,
				72F9A64925639BDB00C806AA /* Release */,
			);
			defaultConfigurationIsVisible = 0;
			defaultConfigurationName = Release;
		};
		72F9A64A25639BDB00C806AA /* Build configuration list for PBXNativeTarget "LoginApp" */ = {
			isa = XCConfigurationList;
			buildConfigurations = (
				72F9A64B25639BDB00C806AA /* Debug */,
				72F9A64C25639BDB00C806AA /* Release */,
			);
			defaultConfigurationIsVisible = 0;
			defaultConfigurationName = Release;
		};
/* End XCConfigurationList section */
	};
	rootObject = 72F9A62E25639BD600C806AA /* Project object */;
}
